
Microsoft Visual Studio Solution File, Format Version 12.00
# Visual Studio Version 18
VisualStudioVersion = 18.0.11217.181
MinimumVisualStudioVersion = 10.0.40219.1
Project("{9A19103F-16F7-4668-BE54-9A1E7A4F7556}") = "DataAccessLibrary", "DataAccessLibrary\DataAccessLibrary.csproj", "{ACE54256-7941-476F-832D-98F14EA73AEE}"
EndProject
Project("{FAE04EC0-301F-11D3-BF4B-00C04F79EFBC}") = "Impulse", "Impulse\Impulse.csproj", "{5E3858D1-0E74-86FB-C561-E697BACD28DD}"
EndProject
Project("{2150E333-8FDC-42A3-9474-1A3956D46DE8}") = "Legacy-VB6", "Legacy-VB6", "{9A75E1E1-5846-4148-AA37-7B4BB8140A8E}"
	ProjectSection(SolutionItems) = preProject
		..\Emerald VB6\Modules\Accounts.bas = ..\Emerald VB6\Modules\Accounts.bas
		..\Emerald VB6\Class Modules\AdjIssQty.cls = ..\Emerald VB6\Class Modules\AdjIssQty.cls
		..\Emerald VB6\Class Modules\BankInfo.cls = ..\Emerald VB6\Class Modules\BankInfo.cls
		..\Emerald VB6\Modules\Banks.bas = ..\Emerald VB6\Modules\Banks.bas
		..\Emerald VB6\Modules\Barcode.bas = ..\Emerald VB6\Modules\Barcode.bas
		..\Emerald VB6\Class Modules\clsOrderDetails.cls = ..\Emerald VB6\Class Modules\clsOrderDetails.cls
		..\Emerald VB6\Class Modules\clsPOEntry.cls = ..\Emerald VB6\Class Modules\clsPOEntry.cls
		..\Emerald VB6\Class Modules\clsPOEntryWithOrder.cls = ..\Emerald VB6\Class Modules\clsPOEntryWithOrder.cls
		..\Emerald VB6\Class Modules\clsRMPOEntry.cls = ..\Emerald VB6\Class Modules\clsRMPOEntry.cls
		..\Emerald VB6\Class Modules\clsVouchers.cls = ..\Emerald VB6\Class Modules\clsVouchers.cls
		..\Emerald VB6\Class Modules\clsVouchersSub.cls = ..\Emerald VB6\Class Modules\clsVouchersSub.cls
		..\Emerald VB6\Forms\Copy (2) of MainForm.frm = ..\Emerald VB6\Forms\Copy (2) of MainForm.frm
		..\Emerald VB6\Forms\Copy of MainForm.frm = ..\Emerald VB6\Forms\Copy of MainForm.frm
		..\Emerald VB6\Class Modules\cScrollBars.cls = ..\Emerald VB6\Class Modules\cScrollBars.cls
		..\Emerald VB6\Class Modules\DHRWiz.cls = ..\Emerald VB6\Class Modules\DHRWiz.cls
		..\Emerald VB6\Class Modules\DMRRev.cls = ..\Emerald VB6\Class Modules\DMRRev.cls
		..\Emerald VB6\Modules\Export.bas = ..\Emerald VB6\Modules\Export.bas
		..\Emerald VB6\Forms\fmrPrintInnerLabels.frm = ..\Emerald VB6\Forms\fmrPrintInnerLabels.frm
		..\Emerald VB6\Forms\fmrPrintInnerLabels.frx = ..\Emerald VB6\Forms\fmrPrintInnerLabels.frx
		..\Emerald VB6\Modules\FormEffects.bas = ..\Emerald VB6\Modules\FormEffects.bas
		..\Emerald VB6\Forms\frmAbout.frm = ..\Emerald VB6\Forms\frmAbout.frm
		..\Emerald VB6\Forms\frmAbout.frx = ..\Emerald VB6\Forms\frmAbout.frx
		..\Emerald VB6\Forms\frmAddBankNo.frm = ..\Emerald VB6\Forms\frmAddBankNo.frm
		..\Emerald VB6\Forms\frmAddBankNo.frx = ..\Emerald VB6\Forms\frmAddBankNo.frx
		..\Emerald VB6\Forms\frmAddBookmarkforReceiving.frm = ..\Emerald VB6\Forms\frmAddBookmarkforReceiving.frm
		..\Emerald VB6\Forms\frmAddFollowupData.frm = ..\Emerald VB6\Forms\frmAddFollowupData.frm
		..\Emerald VB6\Forms\frmAddReturnEntry.frm = ..\Emerald VB6\Forms\frmAddReturnEntry.frm
		..\Emerald VB6\Forms\frmAddReturnEntry.frx = ..\Emerald VB6\Forms\frmAddReturnEntry.frx
		..\Emerald VB6\Forms\frmAddReturnEntry.log = ..\Emerald VB6\Forms\frmAddReturnEntry.log
		..\Emerald VB6\Forms\frmAddStock.frm = ..\Emerald VB6\Forms\frmAddStock.frm
		..\Emerald VB6\Forms\frmAddStock.frx = ..\Emerald VB6\Forms\frmAddStock.frx
		..\Emerald VB6\Forms\frmAddStockToVenders.frm = ..\Emerald VB6\Forms\frmAddStockToVenders.frm
		..\Emerald VB6\Forms\frmAddStockToVenders.frx = ..\Emerald VB6\Forms\frmAddStockToVenders.frx
		..\Emerald VB6\Forms\frmAddStockToVenders.log = ..\Emerald VB6\Forms\frmAddStockToVenders.log
		..\Emerald VB6\Forms\frmAddStoreRackBin.frm = ..\Emerald VB6\Forms\frmAddStoreRackBin.frm
		..\Emerald VB6\Forms\frmAdvancePayment.frm = ..\Emerald VB6\Forms\frmAdvancePayment.frm
		..\Emerald VB6\Forms\frmAdvancePayment.frx = ..\Emerald VB6\Forms\frmAdvancePayment.frx
		..\Emerald VB6\Forms\frmAdvancePaymentList.frm = ..\Emerald VB6\Forms\frmAdvancePaymentList.frm
		..\Emerald VB6\Forms\frmAdvancePaymentList.frx = ..\Emerald VB6\Forms\frmAdvancePaymentList.frx
		..\Emerald VB6\Forms\frmAdvancePaymentPosting.frm = ..\Emerald VB6\Forms\frmAdvancePaymentPosting.frm
		..\Emerald VB6\Forms\frmAdvancePaymentPosting.frx = ..\Emerald VB6\Forms\frmAdvancePaymentPosting.frx
		..\Emerald VB6\Forms\frmAEDesignation.frm = ..\Emerald VB6\Forms\frmAEDesignation.frm
		..\Emerald VB6\Forms\frmAlertsDashBoard.frm = ..\Emerald VB6\Forms\frmAlertsDashBoard.frm
		..\Emerald VB6\Forms\frmAlertsDashBoard.frx = ..\Emerald VB6\Forms\frmAlertsDashBoard.frx
		..\Emerald VB6\Forms\frmAlertsDetails.frm = ..\Emerald VB6\Forms\frmAlertsDetails.frm
		..\Emerald VB6\Forms\frmArticlewiseOrders.frm = ..\Emerald VB6\Forms\frmArticlewiseOrders.frm
		..\Emerald VB6\Forms\frmArticlewiseOrders.frx = ..\Emerald VB6\Forms\frmArticlewiseOrders.frx
		..\Emerald VB6\Forms\frmArticlewiseSale.frm = ..\Emerald VB6\Forms\frmArticlewiseSale.frm
		..\Emerald VB6\Forms\frmArticlewiseSale.frx = ..\Emerald VB6\Forms\frmArticlewiseSale.frx
		..\Emerald VB6\Forms\frmArticlewiseShippedStatus.frm = ..\Emerald VB6\Forms\frmArticlewiseShippedStatus.frm
		..\Emerald VB6\Forms\frmArticlewiseWIP.frm = ..\Emerald VB6\Forms\frmArticlewiseWIP.frm
		..\Emerald VB6\Forms\frmAssItems.frm = ..\Emerald VB6\Forms\frmAssItems.frm
		..\Emerald VB6\Forms\frmAssItems.frx = ..\Emerald VB6\Forms\frmAssItems.frx
		..\Emerald VB6\Forms\frmAuditAE.frm = ..\Emerald VB6\Forms\frmAuditAE.frm
		..\Emerald VB6\Forms\frmAuthManRcv.frm = ..\Emerald VB6\Forms\frmAuthManRcv.frm
		..\Emerald VB6\Forms\frmAuthManRcv.frx = ..\Emerald VB6\Forms\frmAuthManRcv.frx
		..\Emerald VB6\Forms\frmAuthorizeFillRcv.frm = ..\Emerald VB6\Forms\frmAuthorizeFillRcv.frm
		..\Emerald VB6\Forms\frmAuthorizeFillRcv.frx = ..\Emerald VB6\Forms\frmAuthorizeFillRcv.frx
		..\Emerald VB6\Forms\frmAuthorizeIssRcv.frm = ..\Emerald VB6\Forms\frmAuthorizeIssRcv.frm
		..\Emerald VB6\Forms\frmAuthorizeIssRcv.frx = ..\Emerald VB6\Forms\frmAuthorizeIssRcv.frx
		..\Emerald VB6\Forms\frmAuthorizeIssRcv1.frm = ..\Emerald VB6\Forms\frmAuthorizeIssRcv1.frm
		..\Emerald VB6\Forms\frmAuthorizeIssRcv1.frx = ..\Emerald VB6\Forms\frmAuthorizeIssRcv1.frx
		..\Emerald VB6\Forms\frmAuthorizeIssRcvAdv.frm = ..\Emerald VB6\Forms\frmAuthorizeIssRcvAdv.frm
		..\Emerald VB6\Forms\frmAuthorizeIssRcvAdv.frx = ..\Emerald VB6\Forms\frmAuthorizeIssRcvAdv.frx
		..\Emerald VB6\Forms\frmAuthorizeIssRcvAdv_Prev.frm = ..\Emerald VB6\Forms\frmAuthorizeIssRcvAdv_Prev.frm
		..\Emerald VB6\Forms\frmAuthorizeIssRcvAdv_Prev.frx = ..\Emerald VB6\Forms\frmAuthorizeIssRcvAdv_Prev.frx
		..\Emerald VB6\Forms\frmAuthorizeIssRcvAdv_PrevVersion.frm = ..\Emerald VB6\Forms\frmAuthorizeIssRcvAdv_PrevVersion.frm
		..\Emerald VB6\Forms\frmAuthorizeIssRcvAdv_PrevVersion.frx = ..\Emerald VB6\Forms\frmAuthorizeIssRcvAdv_PrevVersion.frx
		..\Emerald VB6\Forms\frmAuthorizeIssRcvOld.frm = ..\Emerald VB6\Forms\frmAuthorizeIssRcvOld.frm
		..\Emerald VB6\Forms\frmAuthorizeIssRcvOld.frx = ..\Emerald VB6\Forms\frmAuthorizeIssRcvOld.frx
		..\Emerald VB6\Forms\frmAuthPwd.frm = ..\Emerald VB6\Forms\frmAuthPwd.frm
		..\Emerald VB6\Forms\frmAway.frm = ..\Emerald VB6\Forms\frmAway.frm
		..\Emerald VB6\Forms\frmAway.frx = ..\Emerald VB6\Forms\frmAway.frx
		..\Emerald VB6\Forms\frmBankList.frm = ..\Emerald VB6\Forms\frmBankList.frm
		..\Emerald VB6\Forms\frmBankList.frx = ..\Emerald VB6\Forms\frmBankList.frx
		..\Emerald VB6\Forms\frmBatches.frm = ..\Emerald VB6\Forms\frmBatches.frm
		..\Emerald VB6\Forms\frmBatches.frx = ..\Emerald VB6\Forms\frmBatches.frx
		..\Emerald VB6\Forms\frmBoxSize.frm = ..\Emerald VB6\Forms\frmBoxSize.frm
		..\Emerald VB6\Forms\frmBoxSize.frx = ..\Emerald VB6\Forms\frmBoxSize.frx
		..\Emerald VB6\Forms\frmCAPA_AE.frm = ..\Emerald VB6\Forms\frmCAPA_AE.frm
		..\Emerald VB6\Forms\frmCAPA_AE.frx = ..\Emerald VB6\Forms\frmCAPA_AE.frx
		..\Emerald VB6\Forms\frmCashPV.frm = ..\Emerald VB6\Forms\frmCashPV.frm
		..\Emerald VB6\Forms\frmCashPV.frx = ..\Emerald VB6\Forms\frmCashPV.frx
		..\Emerald VB6\Forms\frmCertOrigin.frm = ..\Emerald VB6\Forms\frmCertOrigin.frm
		..\Emerald VB6\Forms\frmCertOrigin.frx = ..\Emerald VB6\Forms\frmCertOrigin.frx
		..\Emerald VB6\Forms\frmChangeBatchNo_Lot.frm = ..\Emerald VB6\Forms\frmChangeBatchNo_Lot.frm
		..\Emerald VB6\Forms\frmChangeBatchNo_RM.frm = ..\Emerald VB6\Forms\frmChangeBatchNo_RM.frm
		..\Emerald VB6\Forms\frmComInvList.frm = ..\Emerald VB6\Forms\frmComInvList.frm
		..\Emerald VB6\Forms\frmComInvList.frx = ..\Emerald VB6\Forms\frmComInvList.frx
		..\Emerald VB6\Forms\frmComInvList.log = ..\Emerald VB6\Forms\frmComInvList.log
		..\Emerald VB6\Forms\frmCommercialCovering.frm = ..\Emerald VB6\Forms\frmCommercialCovering.frm
		..\Emerald VB6\Forms\frmCommercialCovering.frx = ..\Emerald VB6\Forms\frmCommercialCovering.frx
		..\Emerald VB6\Forms\frmCommercialCovering.log = ..\Emerald VB6\Forms\frmCommercialCovering.log
		..\Emerald VB6\Forms\frmCommercialInvoice.frm = ..\Emerald VB6\Forms\frmCommercialInvoice.frm
		..\Emerald VB6\Forms\frmCommercialInvoice.frx = ..\Emerald VB6\Forms\frmCommercialInvoice.frx
		..\Emerald VB6\Forms\frmCommercialInvoice.log = ..\Emerald VB6\Forms\frmCommercialInvoice.log
		..\Emerald VB6\Forms\frmCompanies.frm = ..\Emerald VB6\Forms\frmCompanies.frm
		..\Emerald VB6\Forms\frmCompanies.frx = ..\Emerald VB6\Forms\frmCompanies.frx
		..\Emerald VB6\Forms\frmCompany.frm = ..\Emerald VB6\Forms\frmCompany.frm
		..\Emerald VB6\Forms\frmCompany.frx = ..\Emerald VB6\Forms\frmCompany.frx
		..\Emerald VB6\Forms\frmCompanyAE.frm = ..\Emerald VB6\Forms\frmCompanyAE.frm
		..\Emerald VB6\Forms\frmCompanyAE.frx = ..\Emerald VB6\Forms\frmCompanyAE.frx
		..\Emerald VB6\Forms\frmComponents.frm = ..\Emerald VB6\Forms\frmComponents.frm
		..\Emerald VB6\Forms\frmComponents.frx = ..\Emerald VB6\Forms\frmComponents.frx
		..\Emerald VB6\Forms\frmComponents.log = ..\Emerald VB6\Forms\frmComponents.log
		..\Emerald VB6\Forms\frmCompositions.frm = ..\Emerald VB6\Forms\frmCompositions.frm
		..\Emerald VB6\Forms\frmCompositions.frx = ..\Emerald VB6\Forms\frmCompositions.frx
		..\Emerald VB6\Forms\frmCompositions.log = ..\Emerald VB6\Forms\frmCompositions.log
		..\Emerald VB6\Forms\frmCovering.frm = ..\Emerald VB6\Forms\frmCovering.frm
		..\Emerald VB6\Forms\frmCovering.frx = ..\Emerald VB6\Forms\frmCovering.frx
		..\Emerald VB6\Forms\frmCreateDispatchList.frm = ..\Emerald VB6\Forms\frmCreateDispatchList.frm
		..\Emerald VB6\Forms\frmCreateDispatchList.frx = ..\Emerald VB6\Forms\frmCreateDispatchList.frx
		..\Emerald VB6\Forms\frmCreateDispatchList_Adv.frm = ..\Emerald VB6\Forms\frmCreateDispatchList_Adv.frm
		..\Emerald VB6\Forms\frmCreateDispatchList_Adv.frx = ..\Emerald VB6\Forms\frmCreateDispatchList_Adv.frx
		..\Emerald VB6\Forms\frmCreateDispatchList_Adv_Bkup.frm = ..\Emerald VB6\Forms\frmCreateDispatchList_Adv_Bkup.frm
		..\Emerald VB6\Forms\frmCreateDispatchList_Adv_Bkup.frx = ..\Emerald VB6\Forms\frmCreateDispatchList_Adv_Bkup.frx
		..\Emerald VB6\Forms\frmCurrencyExchRates.frm = ..\Emerald VB6\Forms\frmCurrencyExchRates.frm
		..\Emerald VB6\Forms\frmCustCatal.frm = ..\Emerald VB6\Forms\frmCustCatal.frm
		..\Emerald VB6\Forms\frmCustCatal.frx = ..\Emerald VB6\Forms\frmCustCatal.frx
		..\Emerald VB6\Forms\frmCustCatal.log = ..\Emerald VB6\Forms\frmCustCatal.log
		..\Emerald VB6\Forms\frmCustomCovering.frm = ..\Emerald VB6\Forms\frmCustomCovering.frm
		..\Emerald VB6\Forms\frmCustomCovering.frx = ..\Emerald VB6\Forms\frmCustomCovering.frx
		..\Emerald VB6\Forms\frmCustomCovering.log = ..\Emerald VB6\Forms\frmCustomCovering.log
		..\Emerald VB6\Forms\frmCustomerComparison.frm = ..\Emerald VB6\Forms\frmCustomerComparison.frm
		..\Emerald VB6\Forms\frmCustomerComparison.frx = ..\Emerald VB6\Forms\frmCustomerComparison.frx
		..\Emerald VB6\Forms\frmCustomerComplaintAE.frm = ..\Emerald VB6\Forms\frmCustomerComplaintAE.frm
		..\Emerald VB6\Forms\frmCustomerComplaints.frm = ..\Emerald VB6\Forms\frmCustomerComplaints.frm
		..\Emerald VB6\Forms\frmCustomerComplaints.frx = ..\Emerald VB6\Forms\frmCustomerComplaints.frx
		..\Emerald VB6\Forms\frmCustomerCreditNoteAE.frm = ..\Emerald VB6\Forms\frmCustomerCreditNoteAE.frm
		..\Emerald VB6\Forms\frmCustomerFeedbackAE.frm = ..\Emerald VB6\Forms\frmCustomerFeedbackAE.frm
		..\Emerald VB6\Forms\frmCustomerItemBalances.frm = ..\Emerald VB6\Forms\frmCustomerItemBalances.frm
		..\Emerald VB6\Forms\frmCustomerItemBalances.frx = ..\Emerald VB6\Forms\frmCustomerItemBalances.frx
		..\Emerald VB6\Forms\frmCustomerQuotationList.frm = ..\Emerald VB6\Forms\frmCustomerQuotationList.frm
		..\Emerald VB6\Forms\frmCustomerQuotationList.frx = ..\Emerald VB6\Forms\frmCustomerQuotationList.frx
		..\Emerald VB6\Forms\frmCustomFreight.frm = ..\Emerald VB6\Forms\frmCustomFreight.frm
		..\Emerald VB6\Forms\frmCustomFreight.frx = ..\Emerald VB6\Forms\frmCustomFreight.frx
		..\Emerald VB6\Forms\frmCustomInvoice.frm = ..\Emerald VB6\Forms\frmCustomInvoice.frm
		..\Emerald VB6\Forms\frmCustomInvoice.frx = ..\Emerald VB6\Forms\frmCustomInvoice.frx
		..\Emerald VB6\Forms\frmCustomInvoice.log = ..\Emerald VB6\Forms\frmCustomInvoice.log
		..\Emerald VB6\Forms\frmCustomInvoiceList.frm = ..\Emerald VB6\Forms\frmCustomInvoiceList.frm
		..\Emerald VB6\Forms\frmCustomInvoiceList.frx = ..\Emerald VB6\Forms\frmCustomInvoiceList.frx
		..\Emerald VB6\Forms\frmCustomInvoiceList.log = ..\Emerald VB6\Forms\frmCustomInvoiceList.log
		..\Emerald VB6\Forms\frmCustomPayments.frm = ..\Emerald VB6\Forms\frmCustomPayments.frm
		..\Emerald VB6\Forms\frmCustomPayments.frx = ..\Emerald VB6\Forms\frmCustomPayments.frx
		..\Emerald VB6\Forms\frmCustomPList.frm = ..\Emerald VB6\Forms\frmCustomPList.frm
		..\Emerald VB6\Forms\frmCustomPList.frx = ..\Emerald VB6\Forms\frmCustomPList.frx
		..\Emerald VB6\Forms\frmCustomPList.log = ..\Emerald VB6\Forms\frmCustomPList.log
		..\Emerald VB6\Forms\frmDailyIssRcvRpt.frm = ..\Emerald VB6\Forms\frmDailyIssRcvRpt.frm
		..\Emerald VB6\Forms\frmDailyIssRcvRpt.frx = ..\Emerald VB6\Forms\frmDailyIssRcvRpt.frx
		..\Emerald VB6\Forms\frmDailyIssRcvRptItems.frm = ..\Emerald VB6\Forms\frmDailyIssRcvRptItems.frm
		..\Emerald VB6\Forms\frmDailyIssRcvRptItems.frx = ..\Emerald VB6\Forms\frmDailyIssRcvRptItems.frx
		..\Emerald VB6\Forms\frmDashBoard.frm = ..\Emerald VB6\Forms\frmDashBoard.frm
		..\Emerald VB6\Forms\frmDashBoard.frx = ..\Emerald VB6\Forms\frmDashBoard.frx
		..\Emerald VB6\Forms\frmDashBoard.log = ..\Emerald VB6\Forms\frmDashBoard.log
		..\Emerald VB6\Forms\frmDashBoardCC.frm = ..\Emerald VB6\Forms\frmDashBoardCC.frm
		..\Emerald VB6\Forms\frmDashBoardCC.frx = ..\Emerald VB6\Forms\frmDashBoardCC.frx
		..\Emerald VB6\Forms\frmDashBoardExport.frm = ..\Emerald VB6\Forms\frmDashBoardExport.frm
		..\Emerald VB6\Forms\frmDashBoardExport.frx = ..\Emerald VB6\Forms\frmDashBoardExport.frx
		..\Emerald VB6\Forms\frmDefvends.frm = ..\Emerald VB6\Forms\frmDefvends.frm
		..\Emerald VB6\Forms\frmDefvends.frx = ..\Emerald VB6\Forms\frmDefvends.frx
		..\Emerald VB6\Forms\frmDeisgnationsList.frm = ..\Emerald VB6\Forms\frmDeisgnationsList.frm
		..\Emerald VB6\Forms\frmDeisgnationsList.frx = ..\Emerald VB6\Forms\frmDeisgnationsList.frx
		..\Emerald VB6\Forms\frmDHR.frm = ..\Emerald VB6\Forms\frmDHR.frm
		..\Emerald VB6\Forms\frmDHR.frx = ..\Emerald VB6\Forms\frmDHR.frx
		..\Emerald VB6\Forms\frmDispatchList.frm = ..\Emerald VB6\Forms\frmDispatchList.frm
		..\Emerald VB6\Forms\frmDispatchList.frx = ..\Emerald VB6\Forms\frmDispatchList.frx
		..\Emerald VB6\Forms\frmDT.frm = ..\Emerald VB6\Forms\frmDT.frm
		..\Emerald VB6\Forms\frmEditDHRDates.frm = ..\Emerald VB6\Forms\frmEditDHRDates.frm
		..\Emerald VB6\Forms\frmEditDHRDates.frx = ..\Emerald VB6\Forms\frmEditDHRDates.frx
		..\Emerald VB6\Forms\frmEditItem.frm = ..\Emerald VB6\Forms\frmEditItem.frm
		..\Emerald VB6\Forms\frmEditItem.frx = ..\Emerald VB6\Forms\frmEditItem.frx
		..\Emerald VB6\Forms\frmEditItem_VC.frm = ..\Emerald VB6\Forms\frmEditItem_VC.frm
		..\Emerald VB6\Forms\frmEditItem_VC.frx = ..\Emerald VB6\Forms\frmEditItem_VC.frx
		..\Emerald VB6\Forms\frmEditItem_VCx.frm = ..\Emerald VB6\Forms\frmEditItem_VCx.frm
		..\Emerald VB6\Forms\frmEditItem_VCx.frx = ..\Emerald VB6\Forms\frmEditItem_VCx.frx
		..\Emerald VB6\Forms\frmEditMakerPOReturnDates.frm = ..\Emerald VB6\Forms\frmEditMakerPOReturnDates.frm
		..\Emerald VB6\Forms\frmEditMakerPOReturnDates_Old.frm = ..\Emerald VB6\Forms\frmEditMakerPOReturnDates_Old.frm
		..\Emerald VB6\Forms\frmEE.frm = ..\Emerald VB6\Forms\frmEE.frm
		..\Emerald VB6\Forms\frmEE.frx = ..\Emerald VB6\Forms\frmEE.frx
		..\Emerald VB6\Forms\frmEE.log = ..\Emerald VB6\Forms\frmEE.log
		..\Emerald VB6\Forms\frmEEOld.frm = ..\Emerald VB6\Forms\frmEEOld.frm
		..\Emerald VB6\Forms\frmEForm.frm = ..\Emerald VB6\Forms\frmEForm.frm
		..\Emerald VB6\Forms\frmEForm.frx = ..\Emerald VB6\Forms\frmEForm.frx
		..\Emerald VB6\Forms\frmEForm.log = ..\Emerald VB6\Forms\frmEForm.log
		..\Emerald VB6\Forms\frmEmpDashBoard.frm = ..\Emerald VB6\Forms\frmEmpDashBoard.frm
		..\Emerald VB6\Forms\frmEmpDashBoard.frx = ..\Emerald VB6\Forms\frmEmpDashBoard.frx
		..\Emerald VB6\Forms\frmEmployee_RejectionCharged.frm = ..\Emerald VB6\Forms\frmEmployee_RejectionCharged.frm
		..\Emerald VB6\Forms\frmEmployee_RejectionCharged.frx = ..\Emerald VB6\Forms\frmEmployee_RejectionCharged.frx
		..\Emerald VB6\Forms\frmEmpProductivityEntries.frm = ..\Emerald VB6\Forms\frmEmpProductivityEntries.frm
		..\Emerald VB6\Forms\frmEmpProductivityEntries.frx = ..\Emerald VB6\Forms\frmEmpProductivityEntries.frx
		..\Emerald VB6\Forms\frmExportStats.frm = ..\Emerald VB6\Forms\frmExportStats.frm
		..\Emerald VB6\Forms\frmExportStats.frx = ..\Emerald VB6\Forms\frmExportStats.frx
		..\Emerald VB6\Forms\frmFCustFDBCNo.frm = ..\Emerald VB6\Forms\frmFCustFDBCNo.frm
		..\Emerald VB6\Forms\frmFCustFDBCNo.frx = ..\Emerald VB6\Forms\frmFCustFDBCNo.frx
		..\Emerald VB6\Forms\frmFCustomer.frm = ..\Emerald VB6\Forms\frmFCustomer.frm
		..\Emerald VB6\Forms\frmFCustomer.frx = ..\Emerald VB6\Forms\frmFCustomer.frx
		..\Emerald VB6\Forms\frmFCustomer.log = ..\Emerald VB6\Forms\frmFCustomer.log
		..\Emerald VB6\Forms\frmFCustomerList.frm = ..\Emerald VB6\Forms\frmFCustomerList.frm
		..\Emerald VB6\Forms\frmFCustomerList.frx = ..\Emerald VB6\Forms\frmFCustomerList.frx
		..\Emerald VB6\Forms\frmFCustomerList.log = ..\Emerald VB6\Forms\frmFCustomerList.log
		..\Emerald VB6\Forms\frmFCustomerListOLD.frm = ..\Emerald VB6\Forms\frmFCustomerListOLD.frm
		..\Emerald VB6\Forms\frmFCustomerListOLD.frx = ..\Emerald VB6\Forms\frmFCustomerListOLD.frx
		..\Emerald VB6\Forms\frmFCustomerOrders_ShippingDates.frm = ..\Emerald VB6\Forms\frmFCustomerOrders_ShippingDates.frm
		..\Emerald VB6\Forms\frmFCustOrderItemList.frm = ..\Emerald VB6\Forms\frmFCustOrderItemList.frm
		..\Emerald VB6\Forms\frmFCustOrderItemList.frx = ..\Emerald VB6\Forms\frmFCustOrderItemList.frx
		..\Emerald VB6\Forms\frmFCustOrderList.frm = ..\Emerald VB6\Forms\frmFCustOrderList.frm
		..\Emerald VB6\Forms\frmFCustOrderList.frx = ..\Emerald VB6\Forms\frmFCustOrderList.frx
		..\Emerald VB6\Forms\frmFCustOrderList.log = ..\Emerald VB6\Forms\frmFCustOrderList.log
		..\Emerald VB6\Forms\frmFCustOrderListOLD.frm = ..\Emerald VB6\Forms\frmFCustOrderListOLD.frm
		..\Emerald VB6\Forms\frmFCustOrderListOLD.frx = ..\Emerald VB6\Forms\frmFCustOrderListOLD.frx
		..\Emerald VB6\Forms\frmFCustOrderStatus.frm = ..\Emerald VB6\Forms\frmFCustOrderStatus.frm
		..\Emerald VB6\Forms\frmFCustOrderStatus.frx = ..\Emerald VB6\Forms\frmFCustOrderStatus.frx
		..\Emerald VB6\Forms\frmFCustOrderStatus.log = ..\Emerald VB6\Forms\frmFCustOrderStatus.log
		..\Emerald VB6\Forms\frmFCustOrdStatus.frm = ..\Emerald VB6\Forms\frmFCustOrdStatus.frm
		..\Emerald VB6\Forms\frmFCustOrdStatus.frx = ..\Emerald VB6\Forms\frmFCustOrdStatus.frx
		..\Emerald VB6\Forms\frmFCustOrdStatus.log = ..\Emerald VB6\Forms\frmFCustOrdStatus.log
		..\Emerald VB6\Forms\frmFCustOrdStatus1.frm = ..\Emerald VB6\Forms\frmFCustOrdStatus1.frm
		..\Emerald VB6\Forms\frmFCustOrdStatus1.frx = ..\Emerald VB6\Forms\frmFCustOrdStatus1.frx
		..\Emerald VB6\Forms\frmFCustOrdStatus1.log = ..\Emerald VB6\Forms\frmFCustOrdStatus1.log
		..\Emerald VB6\Forms\frmFCustOrdStatusComp.frm = ..\Emerald VB6\Forms\frmFCustOrdStatusComp.frm
		..\Emerald VB6\Forms\frmFCustOrdStatusComp.frx = ..\Emerald VB6\Forms\frmFCustOrdStatusComp.frx
		..\Emerald VB6\Forms\frmFCustOrdStatusComp.log = ..\Emerald VB6\Forms\frmFCustOrdStatusComp.log
		..\Emerald VB6\Forms\frmFCustPayments.frm = ..\Emerald VB6\Forms\frmFCustPayments.frm
		..\Emerald VB6\Forms\frmFCustPayments.frx = ..\Emerald VB6\Forms\frmFCustPayments.frx
		..\Emerald VB6\Forms\frmFCustRcvPymnts.frm = ..\Emerald VB6\Forms\frmFCustRcvPymnts.frm
		..\Emerald VB6\Forms\frmFCustRcvPymnts.frx = ..\Emerald VB6\Forms\frmFCustRcvPymnts.frx
		..\Emerald VB6\Forms\frmFCustRcvPymnts.log = ..\Emerald VB6\Forms\frmFCustRcvPymnts.log
		..\Emerald VB6\Forms\frmFDAProcesses.frm = ..\Emerald VB6\Forms\frmFDAProcesses.frm
		..\Emerald VB6\Forms\frmFDAProcesses.frx = ..\Emerald VB6\Forms\frmFDAProcesses.frx
		..\Emerald VB6\Forms\frmFDAProcesses.log = ..\Emerald VB6\Forms\frmFDAProcesses.log
		..\Emerald VB6\Forms\frmFixedAssets_Calibration_AE.frm = ..\Emerald VB6\Forms\frmFixedAssets_Calibration_AE.frm
		..\Emerald VB6\Forms\frmFixedAssets_FuelSlip_AE.frm = ..\Emerald VB6\Forms\frmFixedAssets_FuelSlip_AE.frm
		..\Emerald VB6\Forms\frmFixedAssets_RepairLog_AE.frm = ..\Emerald VB6\Forms\frmFixedAssets_RepairLog_AE.frm
		..\Emerald VB6\Forms\frmFixedAsset_Calibration_List.frm = ..\Emerald VB6\Forms\frmFixedAsset_Calibration_List.frm
		..\Emerald VB6\Forms\frmFixedAsset_Calibration_List.frx = ..\Emerald VB6\Forms\frmFixedAsset_Calibration_List.frx
		..\Emerald VB6\Forms\frmFixedAsset_FuelSlips_List.frm = ..\Emerald VB6\Forms\frmFixedAsset_FuelSlips_List.frm
		..\Emerald VB6\Forms\frmFixedAsset_FuelSlips_List.frx = ..\Emerald VB6\Forms\frmFixedAsset_FuelSlips_List.frx
		..\Emerald VB6\Forms\frmFixedAsset_RepairLogs_List.frm = ..\Emerald VB6\Forms\frmFixedAsset_RepairLogs_List.frm
		..\Emerald VB6\Forms\frmFixedAsset_RepairLogs_List.frx = ..\Emerald VB6\Forms\frmFixedAsset_RepairLogs_List.frx
		..\Emerald VB6\Forms\frmFNewCustOrder.frm = ..\Emerald VB6\Forms\frmFNewCustOrder.frm
		..\Emerald VB6\Forms\frmFNewCustOrder.frx = ..\Emerald VB6\Forms\frmFNewCustOrder.frx
		..\Emerald VB6\Forms\frmFNewCustOrder.log = ..\Emerald VB6\Forms\frmFNewCustOrder.log
		..\Emerald VB6\Forms\frmFNewCustOrder_Frgz.frm = ..\Emerald VB6\Forms\frmFNewCustOrder_Frgz.frm
		..\Emerald VB6\Forms\frmFNewCustOrder_Frgz.frx = ..\Emerald VB6\Forms\frmFNewCustOrder_Frgz.frx
		..\Emerald VB6\Forms\frmFNewProforma.frm = ..\Emerald VB6\Forms\frmFNewProforma.frm
		..\Emerald VB6\Forms\frmFNewProforma.frx = ..\Emerald VB6\Forms\frmFNewProforma.frx
		..\Emerald VB6\Forms\frmFNewProforma.log = ..\Emerald VB6\Forms\frmFNewProforma.log
		..\Emerald VB6\Forms\frmFNewProforma1.frm = ..\Emerald VB6\Forms\frmFNewProforma1.frm
		..\Emerald VB6\Forms\frmFNewProforma1.frx = ..\Emerald VB6\Forms\frmFNewProforma1.frx
		..\Emerald VB6\Forms\frmFNewProformaOLD.frm = ..\Emerald VB6\Forms\frmFNewProformaOLD.frm
		..\Emerald VB6\Forms\frmFNewProformaOLD.frx = ..\Emerald VB6\Forms\frmFNewProformaOLD.frx
		..\Emerald VB6\Forms\frmFNewStockOrder.frm = ..\Emerald VB6\Forms\frmFNewStockOrder.frm
		..\Emerald VB6\Forms\frmFNewStockOrder.frx = ..\Emerald VB6\Forms\frmFNewStockOrder.frx
		..\Emerald VB6\Forms\frmFNewStockOrder.log = ..\Emerald VB6\Forms\frmFNewStockOrder.log
		..\Emerald VB6\Forms\frmFNewStockOrderOLD.frm = ..\Emerald VB6\Forms\frmFNewStockOrderOLD.frm
		..\Emerald VB6\Forms\frmFNewStockOrderOLD.frx = ..\Emerald VB6\Forms\frmFNewStockOrderOLD.frx
		..\Emerald VB6\Forms\frmFNewStockOrderOLD.log = ..\Emerald VB6\Forms\frmFNewStockOrderOLD.log
		..\Emerald VB6\Forms\frmFollowUpDataFeeding.frm = ..\Emerald VB6\Forms\frmFollowUpDataFeeding.frm
		..\Emerald VB6\Forms\frmForeignCatalog.frm = ..\Emerald VB6\Forms\frmForeignCatalog.frm
		..\Emerald VB6\Forms\frmForeignCatalog.frx = ..\Emerald VB6\Forms\frmForeignCatalog.frx
		..\Emerald VB6\Forms\frmForeignCatalog.log = ..\Emerald VB6\Forms\frmForeignCatalog.log
		..\Emerald VB6\Forms\frmFProformaList.frm = ..\Emerald VB6\Forms\frmFProformaList.frm
		..\Emerald VB6\Forms\frmFProformaList.frx = ..\Emerald VB6\Forms\frmFProformaList.frx
		..\Emerald VB6\Forms\frmFProformaList.log = ..\Emerald VB6\Forms\frmFProformaList.log
		..\Emerald VB6\Forms\frmGages.frm = ..\Emerald VB6\Forms\frmGages.frm
		..\Emerald VB6\Forms\frmGages.frx = ..\Emerald VB6\Forms\frmGages.frx
		..\Emerald VB6\Forms\frmGages.log = ..\Emerald VB6\Forms\frmGages.log
		..\Emerald VB6\Forms\frmGenerateIPOLots.frm = ..\Emerald VB6\Forms\frmGenerateIPOLots.frm
		..\Emerald VB6\Forms\frmGenExpDocs.frm = ..\Emerald VB6\Forms\frmGenExpDocs.frm
		..\Emerald VB6\Forms\frmGenExpDocs.frx = ..\Emerald VB6\Forms\frmGenExpDocs.frx
		..\Emerald VB6\Forms\frmGenFormE.frm = ..\Emerald VB6\Forms\frmGenFormE.frm
		..\Emerald VB6\Forms\frmGenFormE.frx = ..\Emerald VB6\Forms\frmGenFormE.frx
		..\Emerald VB6\Forms\frmGetCustomerANDDateRange.frm = ..\Emerald VB6\Forms\frmGetCustomerANDDateRange.frm
		..\Emerald VB6\Forms\frmGetCustomerANDDateRange.frx = ..\Emerald VB6\Forms\frmGetCustomerANDDateRange.frx
		..\Emerald VB6\Forms\frmGetCustomerANDItemGroups.frm = ..\Emerald VB6\Forms\frmGetCustomerANDItemGroups.frm
		..\Emerald VB6\Forms\frmGetCustomerANDItemGroups.frx = ..\Emerald VB6\Forms\frmGetCustomerANDItemGroups.frx
		..\Emerald VB6\Forms\frmGetCustomerANDItemGroupsANDDoubleDateRange.frm = ..\Emerald VB6\Forms\frmGetCustomerANDItemGroupsANDDoubleDateRange.frm
		..\Emerald VB6\Forms\frmGetCustomerANDItemGroupsANDDoubleDateRange.frx = ..\Emerald VB6\Forms\frmGetCustomerANDItemGroupsANDDoubleDateRange.frx
		..\Emerald VB6\Forms\frmGetCustomerANDItemGroupsANDFinYear.frm = ..\Emerald VB6\Forms\frmGetCustomerANDItemGroupsANDFinYear.frm
		..\Emerald VB6\Forms\frmGetCustomerANDItemGroupsANDFinYear.frx = ..\Emerald VB6\Forms\frmGetCustomerANDItemGroupsANDFinYear.frx
		..\Emerald VB6\Forms\frmGetCustomerANDOrders.frm = ..\Emerald VB6\Forms\frmGetCustomerANDOrders.frm
		..\Emerald VB6\Forms\frmGetCustomerANDOrders.frx = ..\Emerald VB6\Forms\frmGetCustomerANDOrders.frx
		..\Emerald VB6\Forms\frmGetCustomersAndDateDouble.frm = ..\Emerald VB6\Forms\frmGetCustomersAndDateDouble.frm
		..\Emerald VB6\Forms\frmGetCustomersAndDateDouble.frx = ..\Emerald VB6\Forms\frmGetCustomersAndDateDouble.frx
		..\Emerald VB6\Forms\frmGetDateDouble.frm = ..\Emerald VB6\Forms\frmGetDateDouble.frm
		..\Emerald VB6\Forms\frmGetDateDouble.frx = ..\Emerald VB6\Forms\frmGetDateDouble.frx
		..\Emerald VB6\Forms\frmGetDateDoubleANDComboValue.frm = ..\Emerald VB6\Forms\frmGetDateDoubleANDComboValue.frm
		..\Emerald VB6\Forms\frmGetDateDoubleANDComboValue.frx = ..\Emerald VB6\Forms\frmGetDateDoubleANDComboValue.frx
		..\Emerald VB6\Forms\frmGetDateSingle.frm = ..\Emerald VB6\Forms\frmGetDateSingle.frm
		..\Emerald VB6\Forms\frmGetDateSingle.frx = ..\Emerald VB6\Forms\frmGetDateSingle.frx
		..\Emerald VB6\Forms\frmGetDepartments.frm = ..\Emerald VB6\Forms\frmGetDepartments.frm
		..\Emerald VB6\Forms\frmGetDepartments.frx = ..\Emerald VB6\Forms\frmGetDepartments.frx
		..\Emerald VB6\Forms\frmGetDoubleTextValues.frm = ..\Emerald VB6\Forms\frmGetDoubleTextValues.frm
		..\Emerald VB6\Forms\frmGetDoubleTextValues.frx = ..\Emerald VB6\Forms\frmGetDoubleTextValues.frx
		..\Emerald VB6\Forms\frmGetEmpIDAndDateRangeAndProcesses.frm = ..\Emerald VB6\Forms\frmGetEmpIDAndDateRangeAndProcesses.frm
		..\Emerald VB6\Forms\frmGetEmpIDAndDateRangeAndProcesses.frx = ..\Emerald VB6\Forms\frmGetEmpIDAndDateRangeAndProcesses.frx
		..\Emerald VB6\Forms\frmGetItemGroupsANDAdditionalGroupsANDDateRange.frm = ..\Emerald VB6\Forms\frmGetItemGroupsANDAdditionalGroupsANDDateRange.frm
		..\Emerald VB6\Forms\frmGetItemGroupsANDAdditionalGroupsANDDateRange.frx = ..\Emerald VB6\Forms\frmGetItemGroupsANDAdditionalGroupsANDDateRange.frx
		..\Emerald VB6\Forms\frmGetItemGroupsANDDateRange.frm = ..\Emerald VB6\Forms\frmGetItemGroupsANDDateRange.frm
		..\Emerald VB6\Forms\frmGetItemGroupsANDDateRange.frx = ..\Emerald VB6\Forms\frmGetItemGroupsANDDateRange.frx
		..\Emerald VB6\Forms\frmGetLocation.frm = ..\Emerald VB6\Forms\frmGetLocation.frm
		..\Emerald VB6\Forms\frmGetLocation.frx = ..\Emerald VB6\Forms\frmGetLocation.frx
		..\Emerald VB6\Forms\frmGetMakerANDDateRange.frm = ..\Emerald VB6\Forms\frmGetMakerANDDateRange.frm
		..\Emerald VB6\Forms\frmGetMakerANDDateRange.frx = ..\Emerald VB6\Forms\frmGetMakerANDDateRange.frx
		..\Emerald VB6\Forms\frmGetNumericDataValues.frm = ..\Emerald VB6\Forms\frmGetNumericDataValues.frm
		..\Emerald VB6\Forms\frmGetNumericDataValues.frx = ..\Emerald VB6\Forms\frmGetNumericDataValues.frx
		..\Emerald VB6\Forms\frmGetReturnProcessForWastage.frm = ..\Emerald VB6\Forms\frmGetReturnProcessForWastage.frm
		..\Emerald VB6\Forms\frmGetReturnProcessForWastage.frx = ..\Emerald VB6\Forms\frmGetReturnProcessForWastage.frx
		..\Emerald VB6\Forms\frmGetSingleComboANDNumericValue.frm = ..\Emerald VB6\Forms\frmGetSingleComboANDNumericValue.frm
		..\Emerald VB6\Forms\frmGetSingleComboANDNumericValue.frx = ..\Emerald VB6\Forms\frmGetSingleComboANDNumericValue.frx
		..\Emerald VB6\Forms\frmGetSingleComboValue.frm = ..\Emerald VB6\Forms\frmGetSingleComboValue.frm
		..\Emerald VB6\Forms\frmGetSingleComboValue.frx = ..\Emerald VB6\Forms\frmGetSingleComboValue.frx
		..\Emerald VB6\Forms\frmGetSingleComboValue_Ex.frm = ..\Emerald VB6\Forms\frmGetSingleComboValue_Ex.frm
		..\Emerald VB6\Forms\frmGetSingleComboValue_Ex.frx = ..\Emerald VB6\Forms\frmGetSingleComboValue_Ex.frx
		..\Emerald VB6\Forms\frmGetSingleTextValue.frm = ..\Emerald VB6\Forms\frmGetSingleTextValue.frm
		..\Emerald VB6\Forms\frmGetSingleTextValue.frx = ..\Emerald VB6\Forms\frmGetSingleTextValue.frx
		..\Emerald VB6\Forms\frmGetStores.frm = ..\Emerald VB6\Forms\frmGetStores.frm
		..\Emerald VB6\Forms\frmGetStores.frx = ..\Emerald VB6\Forms\frmGetStores.frx
		..\Emerald VB6\Forms\frmGetTextAndNumericValue.frm = ..\Emerald VB6\Forms\frmGetTextAndNumericValue.frm
		..\Emerald VB6\Forms\frmGetTextAndNumericValue.frx = ..\Emerald VB6\Forms\frmGetTextAndNumericValue.frx
		..\Emerald VB6\Forms\frmGMPs.frm = ..\Emerald VB6\Forms\frmGMPs.frm
		..\Emerald VB6\Forms\frmGMPs.frx = ..\Emerald VB6\Forms\frmGMPs.frx
		..\Emerald VB6\Forms\frmGMPs.log = ..\Emerald VB6\Forms\frmGMPs.log
		..\Emerald VB6\Forms\frmgsp.frm = ..\Emerald VB6\Forms\frmgsp.frm
		..\Emerald VB6\Forms\frmGSP.frx = ..\Emerald VB6\Forms\frmGSP.frx
		..\Emerald VB6\Forms\frmGSP.log = ..\Emerald VB6\Forms\frmGSP.log
		..\Emerald VB6\Forms\frmGSPCodes.frm = ..\Emerald VB6\Forms\frmGSPCodes.frm
		..\Emerald VB6\Forms\frmGSPCodes.frx = ..\Emerald VB6\Forms\frmGSPCodes.frx
		..\Emerald VB6\Forms\frmHelpAE.frm = ..\Emerald VB6\Forms\frmHelpAE.frm
		..\Emerald VB6\Forms\frmHelpCatagoryAE.frm = ..\Emerald VB6\Forms\frmHelpCatagoryAE.frm
		..\Emerald VB6\Forms\frmHelpCatagoryAE.frx = ..\Emerald VB6\Forms\frmHelpCatagoryAE.frx
		..\Emerald VB6\Forms\frmHelpList.frm = ..\Emerald VB6\Forms\frmHelpList.frm
		..\Emerald VB6\Forms\frmHelpList.frx = ..\Emerald VB6\Forms\frmHelpList.frx
		..\Emerald VB6\Forms\frmHICOR.frm = ..\Emerald VB6\Forms\frmHICOR.frm
		..\Emerald VB6\Forms\frmHICOR.frx = ..\Emerald VB6\Forms\frmHICOR.frx
		..\Emerald VB6\Forms\frmHICOR.log = ..\Emerald VB6\Forms\frmHICOR.log
		..\Emerald VB6\Forms\frmHidePackage.frm = ..\Emerald VB6\Forms\frmHidePackage.frm
		..\Emerald VB6\Forms\frmHidePackage.frx = ..\Emerald VB6\Forms\frmHidePackage.frx
		..\Emerald VB6\Forms\frmImportPictures.frm = ..\Emerald VB6\Forms\frmImportPictures.frm
		..\Emerald VB6\Forms\frmInitialLotProcess.frm = ..\Emerald VB6\Forms\frmInitialLotProcess.frm
		..\Emerald VB6\Forms\frmInitialLotProcess.frx = ..\Emerald VB6\Forms\frmInitialLotProcess.frx
		..\Emerald VB6\Forms\frmInitialPlanningMemo.frm = ..\Emerald VB6\Forms\frmInitialPlanningMemo.frm
		..\Emerald VB6\Forms\frmInspection.frm = ..\Emerald VB6\Forms\frmInspection.frm
		..\Emerald VB6\Forms\frmInspection.frx = ..\Emerald VB6\Forms\frmInspection.frx
		..\Emerald VB6\Forms\frmInspection.log = ..\Emerald VB6\Forms\frmInspection.log
		..\Emerald VB6\Forms\frmInspectionProcesses.frm = ..\Emerald VB6\Forms\frmInspectionProcesses.frm
		..\Emerald VB6\Forms\frmInspectionProcesses.frx = ..\Emerald VB6\Forms\frmInspectionProcesses.frx
		..\Emerald VB6\Forms\frmInsuranceAgents.frm = ..\Emerald VB6\Forms\frmInsuranceAgents.frm
		..\Emerald VB6\Forms\frmInsuranceAgents.frx = ..\Emerald VB6\Forms\frmInsuranceAgents.frx
		..\Emerald VB6\Forms\frmInsuranceAgents.log = ..\Emerald VB6\Forms\frmInsuranceAgents.log
		..\Emerald VB6\Forms\frmIPOList.frm = ..\Emerald VB6\Forms\frmIPOList.frm
		..\Emerald VB6\Forms\frmIPOList.frx = ..\Emerald VB6\Forms\frmIPOList.frx
		..\Emerald VB6\Forms\frmIPOLotsInspection.frm = ..\Emerald VB6\Forms\frmIPOLotsInspection.frm
		..\Emerald VB6\Forms\frmIssdDetail.frx = ..\Emerald VB6\Forms\frmIssdDetail.frx
		..\Emerald VB6\Forms\frmIssdItemList.frm = ..\Emerald VB6\Forms\frmIssdItemList.frm
		..\Emerald VB6\Forms\frmIssdItemList.frx = ..\Emerald VB6\Forms\frmIssdItemList.frx
		..\Emerald VB6\Forms\frmIssdMaterialList.frm = ..\Emerald VB6\Forms\frmIssdMaterialList.frm
		..\Emerald VB6\Forms\frmIssdMaterialList.frx = ..\Emerald VB6\Forms\frmIssdMaterialList.frx
		..\Emerald VB6\Forms\frmIssItemsSimple.frm = ..\Emerald VB6\Forms\frmIssItemsSimple.frm
		..\Emerald VB6\Forms\frmIssItemsSimple.frx = ..\Emerald VB6\Forms\frmIssItemsSimple.frx
		..\Emerald VB6\Forms\frmIssItemsSimpleLocWise.frm = ..\Emerald VB6\Forms\frmIssItemsSimpleLocWise.frm
		..\Emerald VB6\Forms\frmIssItemsSimpleLocWise.frx = ..\Emerald VB6\Forms\frmIssItemsSimpleLocWise.frx
		..\Emerald VB6\Forms\frmIssItemsSimpleLocWise_Frgz.frm = ..\Emerald VB6\Forms\frmIssItemsSimpleLocWise_Frgz.frm
		..\Emerald VB6\Forms\frmIssItemsSimpleLocWise_Frgz.frx = ..\Emerald VB6\Forms\frmIssItemsSimpleLocWise_Frgz.frx
		..\Emerald VB6\Forms\frmIssItemsSimpleLocWise_Sampling.frm = ..\Emerald VB6\Forms\frmIssItemsSimpleLocWise_Sampling.frm
		..\Emerald VB6\Forms\frmIssItemsSimpleLocWise_Sampling.frx = ..\Emerald VB6\Forms\frmIssItemsSimpleLocWise_Sampling.frx
		..\Emerald VB6\Forms\frmIssItemsSimple_Frgz.frm = ..\Emerald VB6\Forms\frmIssItemsSimple_Frgz.frm
		..\Emerald VB6\Forms\frmIssItemsSimple_Frgz.frx = ..\Emerald VB6\Forms\frmIssItemsSimple_Frgz.frx
		..\Emerald VB6\Forms\frmIssMaterial.frm = ..\Emerald VB6\Forms\frmIssMaterial.frm
		..\Emerald VB6\Forms\frmIssMaterial.frx = ..\Emerald VB6\Forms\frmIssMaterial.frx
		..\Emerald VB6\Forms\frmItemGroups.frm = ..\Emerald VB6\Forms\frmItemGroups.frm
		..\Emerald VB6\Forms\frmItemGroups.frx = ..\Emerald VB6\Forms\frmItemGroups.frx
		..\Emerald VB6\Forms\frmItemGroups.log = ..\Emerald VB6\Forms\frmItemGroups.log
		..\Emerald VB6\Forms\frmItemGroups_Additional.frm = ..\Emerald VB6\Forms\frmItemGroups_Additional.frm
		..\Emerald VB6\Forms\frmItemGroups_Additional.frx = ..\Emerald VB6\Forms\frmItemGroups_Additional.frx
		..\Emerald VB6\Forms\frmItemGroups_ECommerce.frm = ..\Emerald VB6\Forms\frmItemGroups_ECommerce.frm
		..\Emerald VB6\Forms\frmItemGroups_ECommerce.frx = ..\Emerald VB6\Forms\frmItemGroups_ECommerce.frx
		..\Emerald VB6\Forms\frmItemGroups_Ex.frm = ..\Emerald VB6\Forms\frmItemGroups_Ex.frm
		..\Emerald VB6\Forms\frmItemGroups_Ex.frx = ..\Emerald VB6\Forms\frmItemGroups_Ex.frx
		..\Emerald VB6\Forms\frmItemLedger.frm = ..\Emerald VB6\Forms\frmItemLedger.frm
		..\Emerald VB6\Forms\frmItemLedger.frx = ..\Emerald VB6\Forms\frmItemLedger.frx
		..\Emerald VB6\Forms\frmItemLedger_Frgz.frm = ..\Emerald VB6\Forms\frmItemLedger_Frgz.frm
		..\Emerald VB6\Forms\frmItemLedger_Frgz.frx = ..\Emerald VB6\Forms\frmItemLedger_Frgz.frx
		..\Emerald VB6\Forms\frmItemPurchase.frm = ..\Emerald VB6\Forms\frmItemPurchase.frm
		..\Emerald VB6\Forms\frmItemPurchase.frx = ..\Emerald VB6\Forms\frmItemPurchase.frx
		..\Emerald VB6\Forms\frmItems.frm = ..\Emerald VB6\Forms\frmItems.frm
		..\Emerald VB6\Forms\frmItems.frx = ..\Emerald VB6\Forms\frmItems.frx
		..\Emerald VB6\Forms\frmItems.log = ..\Emerald VB6\Forms\frmItems.log
		..\Emerald VB6\Forms\frmItems1.frm = ..\Emerald VB6\Forms\frmItems1.frm
		..\Emerald VB6\Forms\frmItems1.frx = ..\Emerald VB6\Forms\frmItems1.frx
		..\Emerald VB6\Forms\frmItems2.frm = ..\Emerald VB6\Forms\frmItems2.frm
		..\Emerald VB6\Forms\frmItems_Opening_Locationwise.frm = ..\Emerald VB6\Forms\frmItems_Opening_Locationwise.frm
		..\Emerald VB6\Forms\frmItems_Rcv_Sampling.frm = ..\Emerald VB6\Forms\frmItems_Rcv_Sampling.frm
		..\Emerald VB6\Forms\frmJobOrderCosting.frm = ..\Emerald VB6\Forms\frmJobOrderCosting.frm
		..\Emerald VB6\Forms\frmJobOrderCosting.frx = ..\Emerald VB6\Forms\frmJobOrderCosting.frx
		..\Emerald VB6\Forms\Frmlogin.frm = ..\Emerald VB6\Forms\Frmlogin.frm
		..\Emerald VB6\Forms\Frmlogin.frx = ..\Emerald VB6\Forms\Frmlogin.frx
		..\Emerald VB6\Forms\Frmlogin.log = ..\Emerald VB6\Forms\Frmlogin.log
		..\Emerald VB6\Forms\frmMaker.frm = ..\Emerald VB6\Forms\frmMaker.frm
		..\Emerald VB6\Forms\frmMaker.frx = ..\Emerald VB6\Forms\frmMaker.frx
		..\Emerald VB6\Forms\frmMakerAssItemHistory.frm = ..\Emerald VB6\Forms\frmMakerAssItemHistory.frm
		..\Emerald VB6\Forms\frmMakerAssItemHistory.frx = ..\Emerald VB6\Forms\frmMakerAssItemHistory.frx
		..\Emerald VB6\Forms\frmMakerBilling.frm = ..\Emerald VB6\Forms\frmMakerBilling.frm
		..\Emerald VB6\Forms\frmMakerBilling.frx = ..\Emerald VB6\Forms\frmMakerBilling.frx
		..\Emerald VB6\Forms\frmMakerBillingList.frm = ..\Emerald VB6\Forms\frmMakerBillingList.frm
		..\Emerald VB6\Forms\frmMakerBillingList.frx = ..\Emerald VB6\Forms\frmMakerBillingList.frx
		..\Emerald VB6\Forms\frmMakerBillingListTecno.frm = ..\Emerald VB6\Forms\frmMakerBillingListTecno.frm
		..\Emerald VB6\Forms\frmMakerBillingListTecno.frx = ..\Emerald VB6\Forms\frmMakerBillingListTecno.frx
		..\Emerald VB6\Forms\frmMakerBillingRcvingWise.frm = ..\Emerald VB6\Forms\frmMakerBillingRcvingWise.frm
		..\Emerald VB6\Forms\frmMakerBillingRcvingWise.frx = ..\Emerald VB6\Forms\frmMakerBillingRcvingWise.frx
		..\Emerald VB6\Forms\frmMakerBillingRcvingWise_Old.frm = ..\Emerald VB6\Forms\frmMakerBillingRcvingWise_Old.frm
		..\Emerald VB6\Forms\frmMakerBillingRcvingWise_Old.frx = ..\Emerald VB6\Forms\frmMakerBillingRcvingWise_Old.frx
		..\Emerald VB6\Forms\frmMakerBillingTecno.frm = ..\Emerald VB6\Forms\frmMakerBillingTecno.frm
		..\Emerald VB6\Forms\frmMakerBillingTecno.frx = ..\Emerald VB6\Forms\frmMakerBillingTecno.frx
		..\Emerald VB6\Forms\frmMakerBilling_Rejections.frm = ..\Emerald VB6\Forms\frmMakerBilling_Rejections.frm
		..\Emerald VB6\Forms\frmMakerBilling_Rejections.frx = ..\Emerald VB6\Forms\frmMakerBilling_Rejections.frx
		..\Emerald VB6\Forms\frmMakerDashBoard.frm = ..\Emerald VB6\Forms\frmMakerDashBoard.frm
		..\Emerald VB6\Forms\frmMakerDashBoard.frx = ..\Emerald VB6\Forms\frmMakerDashBoard.frx
		..\Emerald VB6\Forms\frmMakerIssuanceFromSF - Copy.frm = ..\Emerald VB6\Forms\frmMakerIssuanceFromSF - Copy.frm
		..\Emerald VB6\Forms\frmMakerIssuanceFromSF - Copy.frx = ..\Emerald VB6\Forms\frmMakerIssuanceFromSF - Copy.frx
		..\Emerald VB6\Forms\frmMakerIssuanceFromSF.frm = ..\Emerald VB6\Forms\frmMakerIssuanceFromSF.frm
		..\Emerald VB6\Forms\frmMakerIssuanceFromSF.frx = ..\Emerald VB6\Forms\frmMakerIssuanceFromSF.frx
		..\Emerald VB6\Forms\frmMakerList.frm = ..\Emerald VB6\Forms\frmMakerList.frm
		..\Emerald VB6\Forms\frmMakerList_NewComing.frm = ..\Emerald VB6\Forms\frmMakerList_NewComing.frm
		..\Emerald VB6\Forms\frmMakerLoadDashBoard.frm = ..\Emerald VB6\Forms\frmMakerLoadDashBoard.frm
		..\Emerald VB6\Forms\frmMakerLoadDashBoard.frx = ..\Emerald VB6\Forms\frmMakerLoadDashBoard.frx
		..\Emerald VB6\Forms\frmMakerLoanType_Transfer.frm = ..\Emerald VB6\Forms\frmMakerLoanType_Transfer.frm
		..\Emerald VB6\Forms\frmMakerLongLoanLedger.frm = ..\Emerald VB6\Forms\frmMakerLongLoanLedger.frm
		..\Emerald VB6\Forms\frmMakerLongLoanLedger.frx = ..\Emerald VB6\Forms\frmMakerLongLoanLedger.frx
		..\Emerald VB6\Forms\frmMakerNewLongTermLoan.frm = ..\Emerald VB6\Forms\frmMakerNewLongTermLoan.frm
		..\Emerald VB6\Forms\frmMakerNewLongTermLoan.frx = ..\Emerald VB6\Forms\frmMakerNewLongTermLoan.frx
		..\Emerald VB6\Forms\frmMakerNewLongTermLoan_Original.frm = ..\Emerald VB6\Forms\frmMakerNewLongTermLoan_Original.frm
		..\Emerald VB6\Forms\frmMakerNewLongTermLoan_Original.frx = ..\Emerald VB6\Forms\frmMakerNewLongTermLoan_Original.frx
		..\Emerald VB6\Forms\frmMakerNewShortTermLoan_Original.frm = ..\Emerald VB6\Forms\frmMakerNewShortTermLoan_Original.frm
		..\Emerald VB6\Forms\frmMakerNewShortTermLoan_Original.frx = ..\Emerald VB6\Forms\frmMakerNewShortTermLoan_Original.frx
		..\Emerald VB6\Forms\frmMakerPOList.frm = ..\Emerald VB6\Forms\frmMakerPOList.frm
		..\Emerald VB6\Forms\frmMakerPOList.frx = ..\Emerald VB6\Forms\frmMakerPOList.frx
		..\Emerald VB6\Forms\frmMakerPOListTecno.frm = ..\Emerald VB6\Forms\frmMakerPOListTecno.frm
		..\Emerald VB6\Forms\frmMakerPOListTecno.frx = ..\Emerald VB6\Forms\frmMakerPOListTecno.frx
		..\Emerald VB6\Forms\frmMakerRcvList.frm = ..\Emerald VB6\Forms\frmMakerRcvList.frm
		..\Emerald VB6\Forms\frmMakerRcvList.frx = ..\Emerald VB6\Forms\frmMakerRcvList.frx
		..\Emerald VB6\Forms\frmMakerRcvListTecno.frm = ..\Emerald VB6\Forms\frmMakerRcvListTecno.frm
		..\Emerald VB6\Forms\frmMakerRcvListTecno.frx = ..\Emerald VB6\Forms\frmMakerRcvListTecno.frx
		..\Emerald VB6\Forms\frmMakerShortLoanLedger.frm = ..\Emerald VB6\Forms\frmMakerShortLoanLedger.frm
		..\Emerald VB6\Forms\frmMakerShortLoanLedger.frx = ..\Emerald VB6\Forms\frmMakerShortLoanLedger.frx
		..\Emerald VB6\Forms\frmMakerTempLoan.frm = ..\Emerald VB6\Forms\frmMakerTempLoan.frm
		..\Emerald VB6\Forms\frmMakerTempLoan.frx = ..\Emerald VB6\Forms\frmMakerTempLoan.frx
		..\Emerald VB6\Forms\frmManInvsForEE.frm = ..\Emerald VB6\Forms\frmManInvsForEE.frm
		..\Emerald VB6\Forms\frmManInvsForEE.frx = ..\Emerald VB6\Forms\frmManInvsForEE.frx
		..\Emerald VB6\Forms\frmMarketingCustomer.frm = ..\Emerald VB6\Forms\frmMarketingCustomer.frm
		..\Emerald VB6\Forms\frmMarketingCustomer.frx = ..\Emerald VB6\Forms\frmMarketingCustomer.frx
		..\Emerald VB6\Forms\frmMarketingCustomerList.frm = ..\Emerald VB6\Forms\frmMarketingCustomerList.frm
		..\Emerald VB6\Forms\frmMarketingCustomerList.frx = ..\Emerald VB6\Forms\frmMarketingCustomerList.frx
		..\Emerald VB6\Forms\frmMatCatagories.frm = ..\Emerald VB6\Forms\frmMatCatagories.frm
		..\Emerald VB6\Forms\frmMatCatagories.log = ..\Emerald VB6\Forms\frmMatCatagories.log
		..\Emerald VB6\Forms\frmMaterialMovement.frm = ..\Emerald VB6\Forms\frmMaterialMovement.frm
		..\Emerald VB6\Forms\frmMaterialMovement.frx = ..\Emerald VB6\Forms\frmMaterialMovement.frx
		..\Emerald VB6\Forms\frmMaterialMovementSF.frm = ..\Emerald VB6\Forms\frmMaterialMovementSF.frm
		..\Emerald VB6\Forms\frmMaterialMovementSF.frx = ..\Emerald VB6\Forms\frmMaterialMovementSF.frx
		..\Emerald VB6\Forms\frmMaterialPlacement.frm = ..\Emerald VB6\Forms\frmMaterialPlacement.frm
		..\Emerald VB6\Forms\frmMaterialPlacementList.frm = ..\Emerald VB6\Forms\frmMaterialPlacementList.frm
		..\Emerald VB6\Forms\frmMaterialPlacementList.frx = ..\Emerald VB6\Forms\frmMaterialPlacementList.frx
		..\Emerald VB6\Forms\frmMDIBG.frm = ..\Emerald VB6\Forms\frmMDIBG.frm
		..\Emerald VB6\Forms\frmMiscGateInAE.frm = ..\Emerald VB6\Forms\frmMiscGateInAE.frm
		..\Emerald VB6\Forms\frmMiscGateInList.frm = ..\Emerald VB6\Forms\frmMiscGateInList.frm
		..\Emerald VB6\Forms\frmMiscGateInList.frx = ..\Emerald VB6\Forms\frmMiscGateInList.frx
		..\Emerald VB6\Forms\frmMiscGateOutAE.frm = ..\Emerald VB6\Forms\frmMiscGateOutAE.frm
		..\Emerald VB6\Forms\frmMiscGateOutList.frm = ..\Emerald VB6\Forms\frmMiscGateOutList.frm
		..\Emerald VB6\Forms\frmMiscGateOutList.frx = ..\Emerald VB6\Forms\frmMiscGateOutList.frx
		..\Emerald VB6\Forms\frmMiscIssuanceAE.frm = ..\Emerald VB6\Forms\frmMiscIssuanceAE.frm
		..\Emerald VB6\Forms\frmMiscIssuanceList.frm = ..\Emerald VB6\Forms\frmMiscIssuanceList.frm
		..\Emerald VB6\Forms\frmMiscIssuanceList.frx = ..\Emerald VB6\Forms\frmMiscIssuanceList.frx
		..\Emerald VB6\Forms\frmMiscS.frm = ..\Emerald VB6\Forms\frmMiscS.frm
		..\Emerald VB6\Forms\frmMiscS.frx = ..\Emerald VB6\Forms\frmMiscS.frx
		..\Emerald VB6\Forms\frmMiscS.log = ..\Emerald VB6\Forms\frmMiscS.log
		..\Emerald VB6\Forms\frmMiscS_New.frm = ..\Emerald VB6\Forms\frmMiscS_New.frm
		..\Emerald VB6\Forms\frmMiscS_New.frx = ..\Emerald VB6\Forms\frmMiscS_New.frx
		..\Emerald VB6\Forms\frmMiscS_Old.frm = ..\Emerald VB6\Forms\frmMiscS_Old.frm
		..\Emerald VB6\Forms\frmMiscS_Old.frx = ..\Emerald VB6\Forms\frmMiscS_Old.frx
		..\Emerald VB6\Forms\frmMonthlyProductionDashBoard.frm = ..\Emerald VB6\Forms\frmMonthlyProductionDashBoard.frm
		..\Emerald VB6\Forms\frmNC_AE.frm = ..\Emerald VB6\Forms\frmNC_AE.frm
		..\Emerald VB6\Forms\frmNewAccount.frm = ..\Emerald VB6\Forms\frmNewAccount.frm
		..\Emerald VB6\Forms\frmNewAccount.frx = ..\Emerald VB6\Forms\frmNewAccount.frx
		..\Emerald VB6\Forms\frmNewComInv.frm = ..\Emerald VB6\Forms\frmNewComInv.frm
		..\Emerald VB6\Forms\frmNewComInv.frx = ..\Emerald VB6\Forms\frmNewComInv.frx
		..\Emerald VB6\Forms\frmNewCustomerQuotation.frm = ..\Emerald VB6\Forms\frmNewCustomerQuotation.frm
		..\Emerald VB6\Forms\frmNewCustomerQuotation.frx = ..\Emerald VB6\Forms\frmNewCustomerQuotation.frx
		..\Emerald VB6\Forms\frmNewCustomInvoice.frm = ..\Emerald VB6\Forms\frmNewCustomInvoice.frm
		..\Emerald VB6\Forms\frmNewCustomInvoice.frx = ..\Emerald VB6\Forms\frmNewCustomInvoice.frx
		..\Emerald VB6\Forms\frmNewCustomInvoice_Adv.frm = ..\Emerald VB6\Forms\frmNewCustomInvoice_Adv.frm
		..\Emerald VB6\Forms\frmNewCustomInvoice_Adv.frx = ..\Emerald VB6\Forms\frmNewCustomInvoice_Adv.frx
		..\Emerald VB6\Forms\frmNewCustomInvoice_Adv_Original.frm = ..\Emerald VB6\Forms\frmNewCustomInvoice_Adv_Original.frm
		..\Emerald VB6\Forms\frmNewCustomInvoice_Adv_Original.frx = ..\Emerald VB6\Forms\frmNewCustomInvoice_Adv_Original.frx
		..\Emerald VB6\Forms\frmNewCustomPList.frm = ..\Emerald VB6\Forms\frmNewCustomPList.frm
		..\Emerald VB6\Forms\frmNewCustomPList.frx = ..\Emerald VB6\Forms\frmNewCustomPList.frx
		..\Emerald VB6\Forms\frmNewCustomPList.log = ..\Emerald VB6\Forms\frmNewCustomPList.log
		..\Emerald VB6\Forms\frmNewCustomPListA.frm = ..\Emerald VB6\Forms\frmNewCustomPListA.frm
		..\Emerald VB6\Forms\frmNewCustomPListA.frx = ..\Emerald VB6\Forms\frmNewCustomPListA.frx
		..\Emerald VB6\Forms\frmNewCustomPListA.log = ..\Emerald VB6\Forms\frmNewCustomPListA.log
		..\Emerald VB6\Forms\frmNewCustomPListM.frm = ..\Emerald VB6\Forms\frmNewCustomPListM.frm
		..\Emerald VB6\Forms\frmNewCustomPListM.frx = ..\Emerald VB6\Forms\frmNewCustomPListM.frx
		..\Emerald VB6\Forms\frmNewCustomPListM.log = ..\Emerald VB6\Forms\frmNewCustomPListM.log
		..\Emerald VB6\Forms\frmNewCustomPListM_New.frm = ..\Emerald VB6\Forms\frmNewCustomPListM_New.frm
		..\Emerald VB6\Forms\frmNewCustomPListM_New.frx = ..\Emerald VB6\Forms\frmNewCustomPListM_New.frx
		..\Emerald VB6\Forms\frmNewCustomPListM_Original.frm = ..\Emerald VB6\Forms\frmNewCustomPListM_Original.frm
		..\Emerald VB6\Forms\frmNewCustomPListM_Original.frx = ..\Emerald VB6\Forms\frmNewCustomPListM_Original.frx
		..\Emerald VB6\Forms\frmNewEForm.frm = ..\Emerald VB6\Forms\frmNewEForm.frm
		..\Emerald VB6\Forms\frmNewEForm.frx = ..\Emerald VB6\Forms\frmNewEForm.frx
		..\Emerald VB6\Forms\frmNewEForm.log = ..\Emerald VB6\Forms\frmNewEForm.log
		..\Emerald VB6\Forms\frmNewEmpProductivityEntry.frm = ..\Emerald VB6\Forms\frmNewEmpProductivityEntry.frm
		..\Emerald VB6\Forms\frmNewHR.frm = ..\Emerald VB6\Forms\frmNewHR.frm
		..\Emerald VB6\Forms\frmNewHR.frx = ..\Emerald VB6\Forms\frmNewHR.frx
		..\Emerald VB6\Forms\frmNewInsuranceAgent.frm = ..\Emerald VB6\Forms\frmNewInsuranceAgent.frm
		..\Emerald VB6\Forms\frmNewInsuranceAgent.frx = ..\Emerald VB6\Forms\frmNewInsuranceAgent.frx
		..\Emerald VB6\Forms\frmNewIPO.frm = ..\Emerald VB6\Forms\frmNewIPO.frm
		..\Emerald VB6\Forms\frmNewIPO.frx = ..\Emerald VB6\Forms\frmNewIPO.frx
		..\Emerald VB6\Forms\frmNewItem.frm = ..\Emerald VB6\Forms\frmNewItem.frm
		..\Emerald VB6\Forms\frmNewItem.frx = ..\Emerald VB6\Forms\frmNewItem.frx
		..\Emerald VB6\Forms\frmNewItem.log = ..\Emerald VB6\Forms\frmNewItem.log
		..\Emerald VB6\Forms\frmNewItemCat.frm = ..\Emerald VB6\Forms\frmNewItemCat.frm
		..\Emerald VB6\Forms\frmNewItemCat.frx = ..\Emerald VB6\Forms\frmNewItemCat.frx
		..\Emerald VB6\Forms\frmNewItemOld.frm = ..\Emerald VB6\Forms\frmNewItemOld.frm
		..\Emerald VB6\Forms\frmNewItemOld.frx = ..\Emerald VB6\Forms\frmNewItemOld.frx
		..\Emerald VB6\Forms\frmNewLab.frm = ..\Emerald VB6\Forms\frmNewLab.frm
		..\Emerald VB6\Forms\frmNewLab.frx = ..\Emerald VB6\Forms\frmNewLab.frx
		..\Emerald VB6\Forms\frmNewLongTermMaker.frm = ..\Emerald VB6\Forms\frmNewLongTermMaker.frm
		..\Emerald VB6\Forms\frmNewMaker_NewComing.frm = ..\Emerald VB6\Forms\frmNewMaker_NewComing.frm
		..\Emerald VB6\Forms\frmNewMaker_NewComing.frx = ..\Emerald VB6\Forms\frmNewMaker_NewComing.frx
		..\Emerald VB6\Forms\frmNewMasterFixedAsset.frm = ..\Emerald VB6\Forms\frmNewMasterFixedAsset.frm
		..\Emerald VB6\Forms\frmNewMasterFixedAsset.frx = ..\Emerald VB6\Forms\frmNewMasterFixedAsset.frx
		..\Emerald VB6\Forms\frmNewMaterial.frm = ..\Emerald VB6\Forms\frmNewMaterial.frm
		..\Emerald VB6\Forms\frmNewMaterial.frx = ..\Emerald VB6\Forms\frmNewMaterial.frx
		..\Emerald VB6\Forms\frmNewProcessGroup.frm = ..\Emerald VB6\Forms\frmNewProcessGroup.frm
		..\Emerald VB6\Forms\frmNewProcessGroup.frx = ..\Emerald VB6\Forms\frmNewProcessGroup.frx
		..\Emerald VB6\Forms\frmNewRack.frm = ..\Emerald VB6\Forms\frmNewRack.frm
		..\Emerald VB6\Forms\frmNewRack.frx = ..\Emerald VB6\Forms\frmNewRack.frx
		..\Emerald VB6\Forms\frmNewRM.frm = ..\Emerald VB6\Forms\frmNewRM.frm
		..\Emerald VB6\Forms\frmNewRM.frx = ..\Emerald VB6\Forms\frmNewRM.frx
		..\Emerald VB6\Forms\frmNewRM.log = ..\Emerald VB6\Forms\frmNewRM.log
		..\Emerald VB6\Forms\frmNewRMCat.frm = ..\Emerald VB6\Forms\frmNewRMCat.frm
		..\Emerald VB6\Forms\frmNewRMCat.frx = ..\Emerald VB6\Forms\frmNewRMCat.frx
		..\Emerald VB6\Forms\frmNewRMPO.frm = ..\Emerald VB6\Forms\frmNewRMPO.frm
		..\Emerald VB6\Forms\frmNewRMPO.frx = ..\Emerald VB6\Forms\frmNewRMPO.frx
		..\Emerald VB6\Forms\frmNewRMPO_Adv.frm = ..\Emerald VB6\Forms\frmNewRMPO_Adv.frm
		..\Emerald VB6\Forms\frmNewRMPO_Adv.frx = ..\Emerald VB6\Forms\frmNewRMPO_Adv.frx
		..\Emerald VB6\Forms\frmNewSampleInvoice.frm = ..\Emerald VB6\Forms\frmNewSampleInvoice.frm
		..\Emerald VB6\Forms\frmNewSampleInvoice.frx = ..\Emerald VB6\Forms\frmNewSampleInvoice.frx
		..\Emerald VB6\Forms\frmNewShelf.frm = ..\Emerald VB6\Forms\frmNewShelf.frm
		..\Emerald VB6\Forms\frmNewShelf.frx = ..\Emerald VB6\Forms\frmNewShelf.frx
		..\Emerald VB6\Forms\frmNewShippingAgent.frm = ..\Emerald VB6\Forms\frmNewShippingAgent.frm
		..\Emerald VB6\Forms\frmNewShippingAgent.frx = ..\Emerald VB6\Forms\frmNewShippingAgent.frx
		..\Emerald VB6\Forms\frmNewShortTermMaker.frm = ..\Emerald VB6\Forms\frmNewShortTermMaker.frm
		..\Emerald VB6\Forms\frmNewSRO.frm = ..\Emerald VB6\Forms\frmNewSRO.frm
		..\Emerald VB6\Forms\frmNewSRO.frx = ..\Emerald VB6\Forms\frmNewSRO.frx
		..\Emerald VB6\Forms\frmNewSteel.frm = ..\Emerald VB6\Forms\frmNewSteel.frm
		..\Emerald VB6\Forms\frmNewSteel.frx = ..\Emerald VB6\Forms\frmNewSteel.frx
		..\Emerald VB6\Forms\frmNewSteelVend.frm = ..\Emerald VB6\Forms\frmNewSteelVend.frm
		..\Emerald VB6\Forms\frmNewSteelVend.frx = ..\Emerald VB6\Forms\frmNewSteelVend.frx
		..\Emerald VB6\Forms\frmNewStore.frm = ..\Emerald VB6\Forms\frmNewStore.frm
		..\Emerald VB6\Forms\frmNewStore.frx = ..\Emerald VB6\Forms\frmNewStore.frx
		..\Emerald VB6\Forms\frmOrderPlanning.frm = ..\Emerald VB6\Forms\frmOrderPlanning.frm
		..\Emerald VB6\Forms\frmOrdersShiftings.frm = ..\Emerald VB6\Forms\frmOrdersShiftings.frm
		..\Emerald VB6\Forms\frmOrdQty.frm = ..\Emerald VB6\Forms\frmOrdQty.frm
		..\Emerald VB6\Forms\frmOrdQty.frx = ..\Emerald VB6\Forms\frmOrdQty.frx
		..\Emerald VB6\Forms\frmPackingLabels.frm = ..\Emerald VB6\Forms\frmPackingLabels.frm
		..\Emerald VB6\Forms\frmPackingLabels.frx = ..\Emerald VB6\Forms\frmPackingLabels.frx
		..\Emerald VB6\Forms\frmPassword.frm = ..\Emerald VB6\Forms\frmPassword.frm
		..\Emerald VB6\Forms\frmPayments.frm = ..\Emerald VB6\Forms\frmPayments.frm
		..\Emerald VB6\Forms\frmPayments.log = ..\Emerald VB6\Forms\frmPayments.log
		..\Emerald VB6\Forms\frmPaymentsLedger.frm = ..\Emerald VB6\Forms\frmPaymentsLedger.frm
		..\Emerald VB6\Forms\frmPaymentsLedger.frx = ..\Emerald VB6\Forms\frmPaymentsLedger.frx
		..\Emerald VB6\Forms\frmPaymentsLedger.log = ..\Emerald VB6\Forms\frmPaymentsLedger.log
		..\Emerald VB6\Forms\frmPercentRanges.frm = ..\Emerald VB6\Forms\frmPercentRanges.frm
		..\Emerald VB6\Forms\frmPercentRanges.frx = ..\Emerald VB6\Forms\frmPercentRanges.frx
		..\Emerald VB6\Forms\frmPercentRanges.log = ..\Emerald VB6\Forms\frmPercentRanges.log
		..\Emerald VB6\Forms\frmPorts.frm = ..\Emerald VB6\Forms\frmPorts.frm
		..\Emerald VB6\Forms\frmPorts.frx = ..\Emerald VB6\Forms\frmPorts.frx
		..\Emerald VB6\Forms\frmPorts1.frm = ..\Emerald VB6\Forms\frmPorts1.frm
		..\Emerald VB6\Forms\frmPorts1.frx = ..\Emerald VB6\Forms\frmPorts1.frx
		..\Emerald VB6\Forms\frmPrevRpt.frm = ..\Emerald VB6\Forms\frmPrevRpt.frm
		..\Emerald VB6\Forms\frmPrevRpt.frx = ..\Emerald VB6\Forms\frmPrevRpt.frx
		..\Emerald VB6\Forms\frmPrevRpt.log = ..\Emerald VB6\Forms\frmPrevRpt.log
		..\Emerald VB6\Forms\frmPrint.frm = ..\Emerald VB6\Forms\frmPrint.frm
		..\Emerald VB6\Forms\frmPrint.frx = ..\Emerald VB6\Forms\frmPrint.frx
		..\Emerald VB6\Forms\frmPrint.log = ..\Emerald VB6\Forms\frmPrint.log
		..\Emerald VB6\Forms\frmPrintCatalog.frm = ..\Emerald VB6\Forms\frmPrintCatalog.frm
		..\Emerald VB6\Forms\frmPrintCatalog.frx = ..\Emerald VB6\Forms\frmPrintCatalog.frx
		..\Emerald VB6\Forms\frmPrintCatalog_Frgz.frm = ..\Emerald VB6\Forms\frmPrintCatalog_Frgz.frm
		..\Emerald VB6\Forms\frmPrintCatalog_Frgz.frx = ..\Emerald VB6\Forms\frmPrintCatalog_Frgz.frx
		..\Emerald VB6\Forms\frmPrintExportPerformanceReport.frm = ..\Emerald VB6\Forms\frmPrintExportPerformanceReport.frm
		..\Emerald VB6\Forms\frmPrintExportPerformanceReport.frx = ..\Emerald VB6\Forms\frmPrintExportPerformanceReport.frx
		..\Emerald VB6\Forms\frmPrintFormE.frm = ..\Emerald VB6\Forms\frmPrintFormE.frm
		..\Emerald VB6\Forms\frmPrintFormE.frx = ..\Emerald VB6\Forms\frmPrintFormE.frx
		..\Emerald VB6\Forms\frmPrintInnerLabels.frm = ..\Emerald VB6\Forms\frmPrintInnerLabels.frm
		..\Emerald VB6\Forms\frmPrintInnerLabels.frx = ..\Emerald VB6\Forms\frmPrintInnerLabels.frx
		..\Emerald VB6\Forms\frmPrintItemLabels.frm = ..\Emerald VB6\Forms\frmPrintItemLabels.frm
		..\Emerald VB6\Forms\frmPrintItemLabels.frx = ..\Emerald VB6\Forms\frmPrintItemLabels.frx
		..\Emerald VB6\Forms\frmPrintMissingParametersReport.frm = ..\Emerald VB6\Forms\frmPrintMissingParametersReport.frm
		..\Emerald VB6\Forms\frmPrintProcessOrder.frm = ..\Emerald VB6\Forms\frmPrintProcessOrder.frm
		..\Emerald VB6\Forms\frmPrintProcessQCReport.frm = ..\Emerald VB6\Forms\frmPrintProcessQCReport.frm
		..\Emerald VB6\Forms\frmPrintProcessWiseStockReport.frm = ..\Emerald VB6\Forms\frmPrintProcessWiseStockReport.frm
		..\Emerald VB6\Forms\frmPrintProcessWiseStockReport.frx = ..\Emerald VB6\Forms\frmPrintProcessWiseStockReport.frx
		..\Emerald VB6\Forms\frmPrintProcessWiseStockReport.log = ..\Emerald VB6\Forms\frmPrintProcessWiseStockReport.log
		..\Emerald VB6\Forms\frmPrintRMList.frm = ..\Emerald VB6\Forms\frmPrintRMList.frm
		..\Emerald VB6\Forms\frmPrintRMList.frx = ..\Emerald VB6\Forms\frmPrintRMList.frx
		..\Emerald VB6\Forms\frmPrintSpecsLotWise.frm = ..\Emerald VB6\Forms\frmPrintSpecsLotWise.frm
		..\Emerald VB6\Forms\frmPrintValuationForm.frm = ..\Emerald VB6\Forms\frmPrintValuationForm.frm
		..\Emerald VB6\Forms\frmPrintValuationForm.frx = ..\Emerald VB6\Forms\frmPrintValuationForm.frx
		..\Emerald VB6\Forms\frmPrintValuationForm.log = ..\Emerald VB6\Forms\frmPrintValuationForm.log
		..\Emerald VB6\Forms\frmProcessDashBoard.frm = ..\Emerald VB6\Forms\frmProcessDashBoard.frm
		..\Emerald VB6\Forms\frmProcessDashBoard.frx = ..\Emerald VB6\Forms\frmProcessDashBoard.frx
		..\Emerald VB6\Forms\frmProcessDashBoardDetails.frm = ..\Emerald VB6\Forms\frmProcessDashBoardDetails.frm
		..\Emerald VB6\Forms\frmProcessDashBoardDetails.frx = ..\Emerald VB6\Forms\frmProcessDashBoardDetails.frx
		..\Emerald VB6\Forms\frmProcesses.frm = ..\Emerald VB6\Forms\frmProcesses.frm
		..\Emerald VB6\Forms\frmProcesses.frx = ..\Emerald VB6\Forms\frmProcesses.frx
		..\Emerald VB6\Forms\frmProcesses.log = ..\Emerald VB6\Forms\frmProcesses.log
		..\Emerald VB6\Forms\frmProcessesOld.frm = ..\Emerald VB6\Forms\frmProcessesOld.frm
		..\Emerald VB6\Forms\frmProcessesOld.frx = ..\Emerald VB6\Forms\frmProcessesOld.frx
		..\Emerald VB6\Forms\frmProcesses_Inspection_Points.frm = ..\Emerald VB6\Forms\frmProcesses_Inspection_Points.frm
		..\Emerald VB6\Forms\frmProcesses_Inspection_Points.frx = ..\Emerald VB6\Forms\frmProcesses_Inspection_Points.frx
		..\Emerald VB6\Forms\frmProcesses_Inspection_Points_Entry.frm = ..\Emerald VB6\Forms\frmProcesses_Inspection_Points_Entry.frm
		..\Emerald VB6\Forms\frmProcesses_Inspection_Points_Entry.frx = ..\Emerald VB6\Forms\frmProcesses_Inspection_Points_Entry.frx
		..\Emerald VB6\Forms\frmProcessGroups.frm = ..\Emerald VB6\Forms\frmProcessGroups.frm
		..\Emerald VB6\Forms\frmProcessGroups.frx = ..\Emerald VB6\Forms\frmProcessGroups.frx
		..\Emerald VB6\Forms\frmProcessIssuance.frm = ..\Emerald VB6\Forms\frmProcessIssuance.frm
		..\Emerald VB6\Forms\frmProcessIssuance.frx = ..\Emerald VB6\Forms\frmProcessIssuance.frx
		..\Emerald VB6\Forms\frmProdPlan.frm = ..\Emerald VB6\Forms\frmProdPlan.frm
		..\Emerald VB6\Forms\frmProdPlan.frx = ..\Emerald VB6\Forms\frmProdPlan.frx
		..\Emerald VB6\Forms\frmProdPlan1.frm = ..\Emerald VB6\Forms\frmProdPlan1.frm
		..\Emerald VB6\Forms\frmProdPlan1.frx = ..\Emerald VB6\Forms\frmProdPlan1.frx
		..\Emerald VB6\Forms\frmProdTimeLineDashBoardDetails.frm = ..\Emerald VB6\Forms\frmProdTimeLineDashBoardDetails.frm
		..\Emerald VB6\Forms\frmProdTimeLineDashBoardDetails.frx = ..\Emerald VB6\Forms\frmProdTimeLineDashBoardDetails.frx
		..\Emerald VB6\Forms\frmProductionGenSettings.frm = ..\Emerald VB6\Forms\frmProductionGenSettings.frm
		..\Emerald VB6\Forms\frmProductionGenSettings.frx = ..\Emerald VB6\Forms\frmProductionGenSettings.frx
		..\Emerald VB6\Forms\frmProductionLinks.frm = ..\Emerald VB6\Forms\frmProductionLinks.frm
		..\Emerald VB6\Forms\frmProductionLinks.frx = ..\Emerald VB6\Forms\frmProductionLinks.frx
		..\Emerald VB6\Forms\frmProductionOpeningStocks.frm = ..\Emerald VB6\Forms\frmProductionOpeningStocks.frm
		..\Emerald VB6\Forms\frmProductionOpeningStocks_Frgz.frm = ..\Emerald VB6\Forms\frmProductionOpeningStocks_Frgz.frm
		..\Emerald VB6\Forms\frmProductionOrderItemList.frm = ..\Emerald VB6\Forms\frmProductionOrderItemList.frm
		..\Emerald VB6\Forms\frmProductionOrderItemList.frx = ..\Emerald VB6\Forms\frmProductionOrderItemList.frx
		..\Emerald VB6\Forms\frmProductionOrderItemList_Old.frm = ..\Emerald VB6\Forms\frmProductionOrderItemList_Old.frm
		..\Emerald VB6\Forms\frmProductionOrderItemList_Old.frx = ..\Emerald VB6\Forms\frmProductionOrderItemList_Old.frx
		..\Emerald VB6\Forms\frmProductionPlanningDashBoard.frm = ..\Emerald VB6\Forms\frmProductionPlanningDashBoard.frm
		..\Emerald VB6\Forms\frmProductionPlanningDashBoard.frx = ..\Emerald VB6\Forms\frmProductionPlanningDashBoard.frx
		..\Emerald VB6\Forms\frmProductionTimeLineDashBoard.frm = ..\Emerald VB6\Forms\frmProductionTimeLineDashBoard.frm
		..\Emerald VB6\Forms\frmProductionUserSettings.frm = ..\Emerald VB6\Forms\frmProductionUserSettings.frm
		..\Emerald VB6\Forms\frmProductionUserSettings.frx = ..\Emerald VB6\Forms\frmProductionUserSettings.frx
		..\Emerald VB6\Forms\frmPurchOrder.frm = ..\Emerald VB6\Forms\frmPurchOrder.frm
		..\Emerald VB6\Forms\frmPushDataTomySQL.frm = ..\Emerald VB6\Forms\frmPushDataTomySQL.frm
		..\Emerald VB6\Forms\frmQMSDocuments.frm = ..\Emerald VB6\Forms\frmQMSDocuments.frm
		..\Emerald VB6\Forms\frmQMSDocuments.frx = ..\Emerald VB6\Forms\frmQMSDocuments.frx
		..\Emerald VB6\Forms\frmQMSDocuments_Ex.frm = ..\Emerald VB6\Forms\frmQMSDocuments_Ex.frm
		..\Emerald VB6\Forms\frmQMSDocuments_Ex.frx = ..\Emerald VB6\Forms\frmQMSDocuments_Ex.frx
		..\Emerald VB6\Forms\frmQMSDocuments_Ex_Types.frm = ..\Emerald VB6\Forms\frmQMSDocuments_Ex_Types.frm
		..\Emerald VB6\Forms\frmQMSDocuments_Ex_Types.frx = ..\Emerald VB6\Forms\frmQMSDocuments_Ex_Types.frx
		..\Emerald VB6\Forms\frmQMSDocument_AE.frm = ..\Emerald VB6\Forms\frmQMSDocument_AE.frm
		..\Emerald VB6\Forms\frmQMSDocument_AE.frx = ..\Emerald VB6\Forms\frmQMSDocument_AE.frx
		..\Emerald VB6\Forms\frmQMSDocument_ChangeRequest.frm = ..\Emerald VB6\Forms\frmQMSDocument_ChangeRequest.frm
		..\Emerald VB6\Forms\frmQMSDocument_Ex_AE.frm = ..\Emerald VB6\Forms\frmQMSDocument_Ex_AE.frm
		..\Emerald VB6\Forms\frmQMSDocument_Ex_AE.frx = ..\Emerald VB6\Forms\frmQMSDocument_Ex_AE.frx
		..\Emerald VB6\Forms\frmQMSDocument_Ex_ChangeRequest.frm = ..\Emerald VB6\Forms\frmQMSDocument_Ex_ChangeRequest.frm
		..\Emerald VB6\Forms\frmQMSDocument_Ex_History.frm = ..\Emerald VB6\Forms\frmQMSDocument_Ex_History.frm
		..\Emerald VB6\Forms\frmQMSDocument_History.frm = ..\Emerald VB6\Forms\frmQMSDocument_History.frm
		..\Emerald VB6\Forms\frmQMSMeetings.frm = ..\Emerald VB6\Forms\frmQMSMeetings.frm
		..\Emerald VB6\Forms\frmQMSMeetings.frx = ..\Emerald VB6\Forms\frmQMSMeetings.frx
		..\Emerald VB6\Forms\frmQMSMeeting_AE.frm = ..\Emerald VB6\Forms\frmQMSMeeting_AE.frm
		..\Emerald VB6\Forms\frmQMSMeeting_AE.frx = ..\Emerald VB6\Forms\frmQMSMeeting_AE.frx
		..\Emerald VB6\Forms\frmRcvdItemList.frm = ..\Emerald VB6\Forms\frmRcvdItemList.frm
		..\Emerald VB6\Forms\frmRcvdItemList.frx = ..\Emerald VB6\Forms\frmRcvdItemList.frx
		..\Emerald VB6\Forms\frmRcvdLotInspection.frm = ..\Emerald VB6\Forms\frmRcvdLotInspection.frm
		..\Emerald VB6\Forms\frmRcvIPOLots.frm = ..\Emerald VB6\Forms\frmRcvIPOLots.frm
		..\Emerald VB6\Forms\frmRcvIPOLotsOriginal.frm = ..\Emerald VB6\Forms\frmRcvIPOLotsOriginal.frm
		..\Emerald VB6\Forms\frmRcvIPOLotsOriginal.frx = ..\Emerald VB6\Forms\frmRcvIPOLotsOriginal.frx
		..\Emerald VB6\Forms\frmRcvItemsSimple.frm = ..\Emerald VB6\Forms\frmRcvItemsSimple.frm
		..\Emerald VB6\Forms\frmRcvItemsSimple.frx = ..\Emerald VB6\Forms\frmRcvItemsSimple.frx
		..\Emerald VB6\Forms\frmRcvItemsSimpleTecno.frm = ..\Emerald VB6\Forms\frmRcvItemsSimpleTecno.frm
		..\Emerald VB6\Forms\frmRcvItemsSimpleTecno.frx = ..\Emerald VB6\Forms\frmRcvItemsSimpleTecno.frx
		..\Emerald VB6\Forms\frmRcvItemsSimple_Frgz.frm = ..\Emerald VB6\Forms\frmRcvItemsSimple_Frgz.frm
		..\Emerald VB6\Forms\frmRcvItemsSimple_Frgz.frx = ..\Emerald VB6\Forms\frmRcvItemsSimple_Frgz.frx
		..\Emerald VB6\Forms\frmRcvRebates.frm = ..\Emerald VB6\Forms\frmRcvRebates.frm
		..\Emerald VB6\Forms\frmRcvRebates.frx = ..\Emerald VB6\Forms\frmRcvRebates.frx
		..\Emerald VB6\Forms\frmRebate.frm = ..\Emerald VB6\Forms\frmRebate.frm
		..\Emerald VB6\Forms\frmRebate.frx = ..\Emerald VB6\Forms\frmRebate.frx
		..\Emerald VB6\Forms\frmRebate.log = ..\Emerald VB6\Forms\frmRebate.log
		..\Emerald VB6\Forms\frmRebateA.frm = ..\Emerald VB6\Forms\frmRebateA.frm
		..\Emerald VB6\Forms\frmRebateA.frx = ..\Emerald VB6\Forms\frmRebateA.frx
		..\Emerald VB6\Forms\frmRebateA.log = ..\Emerald VB6\Forms\frmRebateA.log
		..\Emerald VB6\Forms\frmRebateM.frm = ..\Emerald VB6\Forms\frmRebateM.frm
		..\Emerald VB6\Forms\frmRebateM.frx = ..\Emerald VB6\Forms\frmRebateM.frx
		..\Emerald VB6\Forms\frmRebateM.log = ..\Emerald VB6\Forms\frmRebateM.log
		..\Emerald VB6\Forms\frmRebateStatus.frm = ..\Emerald VB6\Forms\frmRebateStatus.frm
		..\Emerald VB6\Forms\frmRebateStatus.frx = ..\Emerald VB6\Forms\frmRebateStatus.frx
		..\Emerald VB6\Forms\frmRebateStatus.log = ..\Emerald VB6\Forms\frmRebateStatus.log
		..\Emerald VB6\Forms\frmRebateStatusOLD.frm = ..\Emerald VB6\Forms\frmRebateStatusOLD.frm
		..\Emerald VB6\Forms\frmRebateStatusOLD.frx = ..\Emerald VB6\Forms\frmRebateStatusOLD.frx
		..\Emerald VB6\Forms\frmRejectionTransaction.frm = ..\Emerald VB6\Forms\frmRejectionTransaction.frm
		..\Emerald VB6\Forms\frmRejectionTransaction.frx = ..\Emerald VB6\Forms\frmRejectionTransaction.frx
		..\Emerald VB6\Forms\frmRejection_Issuance.frm = ..\Emerald VB6\Forms\frmRejection_Issuance.frm
		..\Emerald VB6\Forms\frmRejection_Issuance.frx = ..\Emerald VB6\Forms\frmRejection_Issuance.frx
		..\Emerald VB6\Forms\frmRejection_Receive.frm = ..\Emerald VB6\Forms\frmRejection_Receive.frm
		..\Emerald VB6\Forms\frmRejection_Receive.frx = ..\Emerald VB6\Forms\frmRejection_Receive.frx
		..\Emerald VB6\Forms\frmRejection_Store_Alerts.frm = ..\Emerald VB6\Forms\frmRejection_Store_Alerts.frm
		..\Emerald VB6\Forms\frmRejection_Store_Alerts.frx = ..\Emerald VB6\Forms\frmRejection_Store_Alerts.frx
		..\Emerald VB6\Forms\frmRepairTypes.frm = ..\Emerald VB6\Forms\frmRepairTypes.frm
		..\Emerald VB6\Forms\frmRequisition.frm = ..\Emerald VB6\Forms\frmRequisition.frm
		..\Emerald VB6\Forms\frmRequisition.frx = ..\Emerald VB6\Forms\frmRequisition.frx
		..\Emerald VB6\Forms\frmRequisition.log = ..\Emerald VB6\Forms\frmRequisition.log
		..\Emerald VB6\Forms\frmRequisitionOld.frm = ..\Emerald VB6\Forms\frmRequisitionOld.frm
		..\Emerald VB6\Forms\frmRequisitionOld.frx = ..\Emerald VB6\Forms\frmRequisitionOld.frx
		..\Emerald VB6\Forms\frmReserveForggingOpenPO.frm = ..\Emerald VB6\Forms\frmReserveForggingOpenPO.frm
		..\Emerald VB6\Forms\frmReserveForggingOpenPO.frx = ..\Emerald VB6\Forms\frmReserveForggingOpenPO.frx
		..\Emerald VB6\Forms\frmReWorkIssuance.frm = ..\Emerald VB6\Forms\frmReWorkIssuance.frm
		..\Emerald VB6\Forms\frmReWorkIssuance.frx = ..\Emerald VB6\Forms\frmReWorkIssuance.frx
		..\Emerald VB6\Forms\frmReWorkIssuance_IPOLots.frm = ..\Emerald VB6\Forms\frmReWorkIssuance_IPOLots.frm
		..\Emerald VB6\Forms\frmReWorkIssuance_IPOLots.frx = ..\Emerald VB6\Forms\frmReWorkIssuance_IPOLots.frx
		..\Emerald VB6\Forms\frmRM.frm = ..\Emerald VB6\Forms\frmRM.frm
		..\Emerald VB6\Forms\frmRM.frx = ..\Emerald VB6\Forms\frmRM.frx
		..\Emerald VB6\Forms\frmRM.log = ..\Emerald VB6\Forms\frmRM.log
		..\Emerald VB6\Forms\frmRMAssign.frm = ..\Emerald VB6\Forms\frmRMAssign.frm
		..\Emerald VB6\Forms\frmRMAssign.frx = ..\Emerald VB6\Forms\frmRMAssign.frx
		..\Emerald VB6\Forms\frmRMIss.frm = ..\Emerald VB6\Forms\frmRMIss.frm
		..\Emerald VB6\Forms\frmRMIss.frx = ..\Emerald VB6\Forms\frmRMIss.frx
		..\Emerald VB6\Forms\frmRMIss.log = ..\Emerald VB6\Forms\frmRMIss.log
		..\Emerald VB6\Forms\frmRMIssList.frm = ..\Emerald VB6\Forms\frmRMIssList.frm
		..\Emerald VB6\Forms\frmRMIssList.frx = ..\Emerald VB6\Forms\frmRMIssList.frx
		..\Emerald VB6\Forms\frmRMIssuance.frm = ..\Emerald VB6\Forms\frmRMIssuance.frm
		..\Emerald VB6\Forms\frmRMIssuance.frx = ..\Emerald VB6\Forms\frmRMIssuance.frx
		..\Emerald VB6\Forms\frmRMIssuance.log = ..\Emerald VB6\Forms\frmRMIssuance.log
		..\Emerald VB6\Forms\frmRMIssuanceLocWise.frm = ..\Emerald VB6\Forms\frmRMIssuanceLocWise.frm
		..\Emerald VB6\Forms\frmRMIssuanceLocWise.frx = ..\Emerald VB6\Forms\frmRMIssuanceLocWise.frx
		..\Emerald VB6\Forms\frmRMMovement.frm = ..\Emerald VB6\Forms\frmRMMovement.frm
		..\Emerald VB6\Forms\frmRMMovement.frx = ..\Emerald VB6\Forms\frmRMMovement.frx
		..\Emerald VB6\Forms\frmRMPOList.frm = ..\Emerald VB6\Forms\frmRMPOList.frm
		..\Emerald VB6\Forms\frmRMPOList.frx = ..\Emerald VB6\Forms\frmRMPOList.frx
		..\Emerald VB6\Forms\frmRMPOrdList.frm = ..\Emerald VB6\Forms\frmRMPOrdList.frm
		..\Emerald VB6\Forms\frmRMPOrdList.frx = ..\Emerald VB6\Forms\frmRMPOrdList.frx
		..\Emerald VB6\Forms\frmRMPOrdList.log = ..\Emerald VB6\Forms\frmRMPOrdList.log
		..\Emerald VB6\Forms\frmRMPurchOrd.frm = ..\Emerald VB6\Forms\frmRMPurchOrd.frm
		..\Emerald VB6\Forms\frmRMPurchOrd.frx = ..\Emerald VB6\Forms\frmRMPurchOrd.frx
		..\Emerald VB6\Forms\frmRMPurchOrd.log = ..\Emerald VB6\Forms\frmRMPurchOrd.log
		..\Emerald VB6\Forms\frmRMRcvItems.frm = ..\Emerald VB6\Forms\frmRMRcvItems.frm
		..\Emerald VB6\Forms\frmRMRcvItems.frx = ..\Emerald VB6\Forms\frmRMRcvItems.frx
		..\Emerald VB6\Forms\frmRMRcvItemsOld.frm = ..\Emerald VB6\Forms\frmRMRcvItemsOld.frm
		..\Emerald VB6\Forms\frmRMVendAssItems.frm = ..\Emerald VB6\Forms\frmRMVendAssItems.frm
		..\Emerald VB6\Forms\frmRMVendAssItems.frx = ..\Emerald VB6\Forms\frmRMVendAssItems.frx
		..\Emerald VB6\Forms\frmRMVendAssItems.log = ..\Emerald VB6\Forms\frmRMVendAssItems.log
		..\Emerald VB6\Forms\frmRMVender.frm = ..\Emerald VB6\Forms\frmRMVender.frm
		..\Emerald VB6\Forms\frmRMVender.frx = ..\Emerald VB6\Forms\frmRMVender.frx
		..\Emerald VB6\Forms\frmRMVenderList.frm = ..\Emerald VB6\Forms\frmRMVenderList.frm
		..\Emerald VB6\Forms\frmRMVenderList.frx = ..\Emerald VB6\Forms\frmRMVenderList.frx
		..\Emerald VB6\Forms\frmRMVenderList.log = ..\Emerald VB6\Forms\frmRMVenderList.log
		..\Emerald VB6\Forms\frmrptIssRcv.frm = ..\Emerald VB6\Forms\frmrptIssRcv.frm
		..\Emerald VB6\Forms\frmrptIssRcv.frx = ..\Emerald VB6\Forms\frmrptIssRcv.frx
		..\Emerald VB6\Forms\frmrptIssRcv.log = ..\Emerald VB6\Forms\frmrptIssRcv.log
		..\Emerald VB6\Forms\frmSampleInvoiceList.frm = ..\Emerald VB6\Forms\frmSampleInvoiceList.frm
		..\Emerald VB6\Forms\frmSampleInvoiceList.frx = ..\Emerald VB6\Forms\frmSampleInvoiceList.frx
		..\Emerald VB6\Forms\frmSampleInvoice_CustomerFeedback.frm = ..\Emerald VB6\Forms\frmSampleInvoice_CustomerFeedback.frm
		..\Emerald VB6\Forms\frmSampleInvoice_CustomerFeedback.frx = ..\Emerald VB6\Forms\frmSampleInvoice_CustomerFeedback.frx
		..\Emerald VB6\Forms\frmSearchVender.frm = ..\Emerald VB6\Forms\frmSearchVender.frm
		..\Emerald VB6\Forms\frmSecurityData.frm = ..\Emerald VB6\Forms\frmSecurityData.frm
		..\Emerald VB6\Forms\frmSecurityData.frx = ..\Emerald VB6\Forms\frmSecurityData.frx
		..\Emerald VB6\Forms\frmSFStockTransaction.frm = ..\Emerald VB6\Forms\frmSFStockTransaction.frm
		..\Emerald VB6\Forms\frmSFStockTransaction.frx = ..\Emerald VB6\Forms\frmSFStockTransaction.frx
		..\Emerald VB6\Forms\frmShippingAgents.frm = ..\Emerald VB6\Forms\frmShippingAgents.frm
		..\Emerald VB6\Forms\frmShippingAgents.frx = ..\Emerald VB6\Forms\frmShippingAgents.frx
		..\Emerald VB6\Forms\frmShippingAgents.log = ..\Emerald VB6\Forms\frmShippingAgents.log
		..\Emerald VB6\Forms\frmShippingInstructions.frm = ..\Emerald VB6\Forms\frmShippingInstructions.frm
		..\Emerald VB6\Forms\frmShippingInstructions.frx = ..\Emerald VB6\Forms\frmShippingInstructions.frx
		..\Emerald VB6\Forms\frmShippingInstructions.log = ..\Emerald VB6\Forms\frmShippingInstructions.log
		..\Emerald VB6\Forms\frmSplash.frm = ..\Emerald VB6\Forms\frmSplash.frm
		..\Emerald VB6\Forms\frmSplash.frx = ..\Emerald VB6\Forms\frmSplash.frx
		..\Emerald VB6\Forms\frmSROList.frm = ..\Emerald VB6\Forms\frmSROList.frm
		..\Emerald VB6\Forms\frmSROList.frx = ..\Emerald VB6\Forms\frmSROList.frx
		..\Emerald VB6\Forms\frmSROList.log = ..\Emerald VB6\Forms\frmSROList.log
		..\Emerald VB6\Forms\frmSteelList.frm = ..\Emerald VB6\Forms\frmSteelList.frm
		..\Emerald VB6\Forms\frmSteelList.frx = ..\Emerald VB6\Forms\frmSteelList.frx
		..\Emerald VB6\Forms\frmSteelList.log = ..\Emerald VB6\Forms\frmSteelList.log
		..\Emerald VB6\Forms\frmSteelVends.frm = ..\Emerald VB6\Forms\frmSteelVends.frm
		..\Emerald VB6\Forms\frmSteelVends.frx = ..\Emerald VB6\Forms\frmSteelVends.frx
		..\Emerald VB6\Forms\frmSteelVends.log = ..\Emerald VB6\Forms\frmSteelVends.log
		..\Emerald VB6\Forms\frmStockLedger.frm = ..\Emerald VB6\Forms\frmStockLedger.frm
		..\Emerald VB6\Forms\frmStockLedger.frx = ..\Emerald VB6\Forms\frmStockLedger.frx
		..\Emerald VB6\Forms\frmStockOrderAdjustment - Copy.frm = ..\Emerald VB6\Forms\frmStockOrderAdjustment - Copy.frm
		..\Emerald VB6\Forms\frmStockOrderAdjustment.frm = ..\Emerald VB6\Forms\frmStockOrderAdjustment.frm
		..\Emerald VB6\Forms\frmStockStatus.frm = ..\Emerald VB6\Forms\frmStockStatus.frm
		..\Emerald VB6\Forms\frmStockStatus.frx = ..\Emerald VB6\Forms\frmStockStatus.frx
		..\Emerald VB6\Forms\frmStockStatusFinal.frm = ..\Emerald VB6\Forms\frmStockStatusFinal.frm
		..\Emerald VB6\Forms\frmStockStatusFinal.frx = ..\Emerald VB6\Forms\frmStockStatusFinal.frx
		..\Emerald VB6\Forms\frmStockStatusFinal.log = ..\Emerald VB6\Forms\frmStockStatusFinal.log
		..\Emerald VB6\Forms\frmStockStatusFinalOld.frm = ..\Emerald VB6\Forms\frmStockStatusFinalOld.frm
		..\Emerald VB6\Forms\frmStockStatusFinalOld.frx = ..\Emerald VB6\Forms\frmStockStatusFinalOld.frx
		..\Emerald VB6\Forms\frmStockTransaction.frm = ..\Emerald VB6\Forms\frmStockTransaction.frm
		..\Emerald VB6\Forms\frmStockTransaction.frx = ..\Emerald VB6\Forms\frmStockTransaction.frx
		..\Emerald VB6\Forms\frmStoreRacks.frm = ..\Emerald VB6\Forms\frmStoreRacks.frm
		..\Emerald VB6\Forms\frmStoreRacks.frx = ..\Emerald VB6\Forms\frmStoreRacks.frx
		..\Emerald VB6\Forms\frmStores.frm = ..\Emerald VB6\Forms\frmStores.frm
		..\Emerald VB6\Forms\frmStores.frx = ..\Emerald VB6\Forms\frmStores.frx
		..\Emerald VB6\Forms\frmSupplierEvaluation.frm = ..\Emerald VB6\Forms\frmSupplierEvaluation.frm
		..\Emerald VB6\Forms\frmSupplierEvaluationAE.frm = ..\Emerald VB6\Forms\frmSupplierEvaluationAE.frm
		..\Emerald VB6\Forms\frmSupplierEvaluationList.frm = ..\Emerald VB6\Forms\frmSupplierEvaluationList.frm
		..\Emerald VB6\Forms\frmSupplierEvaluationList.frx = ..\Emerald VB6\Forms\frmSupplierEvaluationList.frx
		..\Emerald VB6\Forms\frmSupplierReEvaluationAE.frm = ..\Emerald VB6\Forms\frmSupplierReEvaluationAE.frm
		..\Emerald VB6\Forms\frmSupplierReEvaluationList.frm = ..\Emerald VB6\Forms\frmSupplierReEvaluationList.frm
		..\Emerald VB6\Forms\frmSupplierReEvaluationList.frx = ..\Emerald VB6\Forms\frmSupplierReEvaluationList.frx
		..\Emerald VB6\Forms\frmSupplierReEvalution.frm = ..\Emerald VB6\Forms\frmSupplierReEvalution.frm
		..\Emerald VB6\Forms\frmTestLabs.frm = ..\Emerald VB6\Forms\frmTestLabs.frm
		..\Emerald VB6\Forms\frmTestLabs.frx = ..\Emerald VB6\Forms\frmTestLabs.frx
		..\Emerald VB6\Forms\frmTestLabs.log = ..\Emerald VB6\Forms\frmTestLabs.log
		..\Emerald VB6\Forms\frmTipAE.frm = ..\Emerald VB6\Forms\frmTipAE.frm
		..\Emerald VB6\Forms\frmTipCatagoryAE.frm = ..\Emerald VB6\Forms\frmTipCatagoryAE.frm
		..\Emerald VB6\Forms\frmTipCatagoryAE.frx = ..\Emerald VB6\Forms\frmTipCatagoryAE.frx
		..\Emerald VB6\Forms\frmTipList.frm = ..\Emerald VB6\Forms\frmTipList.frm
		..\Emerald VB6\Forms\frmTipList.frx = ..\Emerald VB6\Forms\frmTipList.frx
		..\Emerald VB6\Forms\frmTipViewer.frm = ..\Emerald VB6\Forms\frmTipViewer.frm
		..\Emerald VB6\Forms\frmTotalDemand.frm = ..\Emerald VB6\Forms\frmTotalDemand.frm
		..\Emerald VB6\Forms\frmTotalDemand.frx = ..\Emerald VB6\Forms\frmTotalDemand.frx
		..\Emerald VB6\Forms\frmTotalExport.frm = ..\Emerald VB6\Forms\frmTotalExport.frm
		..\Emerald VB6\Forms\frmTotalExport.frx = ..\Emerald VB6\Forms\frmTotalExport.frx
		..\Emerald VB6\Forms\frmTotalExport.log = ..\Emerald VB6\Forms\frmTotalExport.log
		..\Emerald VB6\Forms\frmTotalExportOld.frm = ..\Emerald VB6\Forms\frmTotalExportOld.frm
		..\Emerald VB6\Forms\frmTotalExportOld.frx = ..\Emerald VB6\Forms\frmTotalExportOld.frx
		..\Emerald VB6\Forms\frmTrackBackItems.frm = ..\Emerald VB6\Forms\frmTrackBackItems.frm
		..\Emerald VB6\Forms\frmTrackBackItems.frx = ..\Emerald VB6\Forms\frmTrackBackItems.frx
		..\Emerald VB6\Forms\frmTrafficDashBoard.frm = ..\Emerald VB6\Forms\frmTrafficDashBoard.frm
		..\Emerald VB6\Forms\frmTrafficDashBoard.frx = ..\Emerald VB6\Forms\frmTrafficDashBoard.frx
		..\Emerald VB6\Forms\frmTransferToReadyFinishStock - Copy.frm = ..\Emerald VB6\Forms\frmTransferToReadyFinishStock - Copy.frm
		..\Emerald VB6\Forms\frmTransferToReadyFinishStock - Copy.frx = ..\Emerald VB6\Forms\frmTransferToReadyFinishStock - Copy.frx
		..\Emerald VB6\Forms\frmTransferToReadyFinishStock.frm = ..\Emerald VB6\Forms\frmTransferToReadyFinishStock.frm
		..\Emerald VB6\Forms\frmTransferToReadyFinishStock.frx = ..\Emerald VB6\Forms\frmTransferToReadyFinishStock.frx
		..\Emerald VB6\Forms\frmTransQty.frm = ..\Emerald VB6\Forms\frmTransQty.frm
		..\Emerald VB6\Forms\frmTransQty.frx = ..\Emerald VB6\Forms\frmTransQty.frx
		..\Emerald VB6\Forms\frmUnits.frm = ..\Emerald VB6\Forms\frmUnits.frm
		..\Emerald VB6\Forms\frmUnits.frx = ..\Emerald VB6\Forms\frmUnits.frx
		..\Emerald VB6\Forms\frmUnits.log = ..\Emerald VB6\Forms\frmUnits.log
		..\Emerald VB6\Forms\FrmUnlock.frm = ..\Emerald VB6\Forms\FrmUnlock.frm
		..\Emerald VB6\Forms\FrmUnlock.frx = ..\Emerald VB6\Forms\FrmUnlock.frx
		..\Emerald VB6\Forms\frmUserDetails.frm = ..\Emerald VB6\Forms\frmUserDetails.frm
		..\Emerald VB6\Forms\frmUserDetails.frx = ..\Emerald VB6\Forms\frmUserDetails.frx
		..\Emerald VB6\Forms\frmUserInfo.frm = ..\Emerald VB6\Forms\frmUserInfo.frm
		..\Emerald VB6\Forms\frmUserInfo.frx = ..\Emerald VB6\Forms\frmUserInfo.frx
		..\Emerald VB6\Forms\frmUserInfo_Old.frm = ..\Emerald VB6\Forms\frmUserInfo_Old.frm
		..\Emerald VB6\Forms\frmUserInfo_Old.frx = ..\Emerald VB6\Forms\frmUserInfo_Old.frx
		..\Emerald VB6\Forms\frmUsers.frm = ..\Emerald VB6\Forms\frmUsers.frm
		..\Emerald VB6\Forms\frmUsers.frx = ..\Emerald VB6\Forms\frmUsers.frx
		..\Emerald VB6\Forms\frmUserSettings.frm = ..\Emerald VB6\Forms\frmUserSettings.frm
		..\Emerald VB6\Forms\frmUserSettings.frx = ..\Emerald VB6\Forms\frmUserSettings.frx
		..\Emerald VB6\Forms\frmVendAddPayDetail.frm = ..\Emerald VB6\Forms\frmVendAddPayDetail.frm
		..\Emerald VB6\Forms\frmVendAddPayDetail.frx = ..\Emerald VB6\Forms\frmVendAddPayDetail.frx
		..\Emerald VB6\Forms\frmVendAdvSalary.frm = ..\Emerald VB6\Forms\frmVendAdvSalary.frm
		..\Emerald VB6\Forms\frmVendAdvSalary.frx = ..\Emerald VB6\Forms\frmVendAdvSalary.frx
		..\Emerald VB6\Forms\frmVendAdvSalary.log = ..\Emerald VB6\Forms\frmVendAdvSalary.log
		..\Emerald VB6\Forms\frmVendAssHR.frm = ..\Emerald VB6\Forms\frmVendAssHR.frm
		..\Emerald VB6\Forms\frmVendAssHR.frx = ..\Emerald VB6\Forms\frmVendAssHR.frx
		..\Emerald VB6\Forms\frmVendAssHR1.frm = ..\Emerald VB6\Forms\frmVendAssHR1.frm
		..\Emerald VB6\Forms\frmVendAssHR1.frx = ..\Emerald VB6\Forms\frmVendAssHR1.frx
		..\Emerald VB6\Forms\frmVendAssHR1.log = ..\Emerald VB6\Forms\frmVendAssHR1.log
		..\Emerald VB6\Forms\frmVendAssHR2.frm = ..\Emerald VB6\Forms\frmVendAssHR2.frm
		..\Emerald VB6\Forms\frmVendAssHR2.frx = ..\Emerald VB6\Forms\frmVendAssHR2.frx
		..\Emerald VB6\Forms\frmVendAssHR2.log = ..\Emerald VB6\Forms\frmVendAssHR2.log
		..\Emerald VB6\Forms\frmVendAssItems.frm = ..\Emerald VB6\Forms\frmVendAssItems.frm
		..\Emerald VB6\Forms\frmVendAssItems.frx = ..\Emerald VB6\Forms\frmVendAssItems.frx
		..\Emerald VB6\Forms\frmVendAssItems.log = ..\Emerald VB6\Forms\frmVendAssItems.log
		..\Emerald VB6\Forms\frmVendAssItemsTecno.frm = ..\Emerald VB6\Forms\frmVendAssItemsTecno.frm
		..\Emerald VB6\Forms\frmVendAssItemsTecno.frx = ..\Emerald VB6\Forms\frmVendAssItemsTecno.frx
		..\Emerald VB6\Forms\frmVendBalLedger.frm = ..\Emerald VB6\Forms\frmVendBalLedger.frm
		..\Emerald VB6\Forms\frmVendBalLedger.frx = ..\Emerald VB6\Forms\frmVendBalLedger.frx
		..\Emerald VB6\Forms\frmVendBalLedger.log = ..\Emerald VB6\Forms\frmVendBalLedger.log
		..\Emerald VB6\Forms\frmVender.frm = ..\Emerald VB6\Forms\frmVender.frm
		..\Emerald VB6\Forms\frmVender.frx = ..\Emerald VB6\Forms\frmVender.frx
		..\Emerald VB6\Forms\frmVender.log = ..\Emerald VB6\Forms\frmVender.log
		..\Emerald VB6\Forms\frmVenderBilling.frm = ..\Emerald VB6\Forms\frmVenderBilling.frm
		..\Emerald VB6\Forms\frmVenderBilling.frx = ..\Emerald VB6\Forms\frmVenderBilling.frx
		..\Emerald VB6\Forms\frmVenderBillingList.frm = ..\Emerald VB6\Forms\frmVenderBillingList.frm
		..\Emerald VB6\Forms\frmVenderBillingList.frx = ..\Emerald VB6\Forms\frmVenderBillingList.frx
		..\Emerald VB6\Forms\frmVenderList.frm = ..\Emerald VB6\Forms\frmVenderList.frm
		..\Emerald VB6\Forms\frmVenderList.frx = ..\Emerald VB6\Forms\frmVenderList.frx
		..\Emerald VB6\Forms\frmVenderList.log = ..\Emerald VB6\Forms\frmVenderList.log
		..\Emerald VB6\Forms\frmVendGateRcvd.frm = ..\Emerald VB6\Forms\frmVendGateRcvd.frm
		..\Emerald VB6\Forms\frmVendGateRcvd.frx = ..\Emerald VB6\Forms\frmVendGateRcvd.frx
		..\Emerald VB6\Forms\frmVendIssdDetail.frm = ..\Emerald VB6\Forms\frmVendIssdDetail.frm
		..\Emerald VB6\Forms\frmVendIssdDetail.frx = ..\Emerald VB6\Forms\frmVendIssdDetail.frx
		..\Emerald VB6\Forms\frmVendIssdDetail.log = ..\Emerald VB6\Forms\frmVendIssdDetail.log
		..\Emerald VB6\Forms\frmVendIssdDetailS.frm = ..\Emerald VB6\Forms\frmVendIssdDetailS.frm
		..\Emerald VB6\Forms\frmVendIssdDetailS.frx = ..\Emerald VB6\Forms\frmVendIssdDetailS.frx
		..\Emerald VB6\Forms\frmVendIssdDetailS.log = ..\Emerald VB6\Forms\frmVendIssdDetailS.log
		..\Emerald VB6\Forms\frmVendIssItems.frm = ..\Emerald VB6\Forms\frmVendIssItems.frm
		..\Emerald VB6\Forms\frmVendIssItems.frx = ..\Emerald VB6\Forms\frmVendIssItems.frx
		..\Emerald VB6\Forms\frmVendIssItemsByItem.frm = ..\Emerald VB6\Forms\frmVendIssItemsByItem.frm
		..\Emerald VB6\Forms\frmVendIssItemsByItem.frx = ..\Emerald VB6\Forms\frmVendIssItemsByItem.frx
		..\Emerald VB6\Forms\frmVendIssItemsByItemOLD.frm = ..\Emerald VB6\Forms\frmVendIssItemsByItemOLD.frm
		..\Emerald VB6\Forms\frmVendIssItemsByItemOLD.frx = ..\Emerald VB6\Forms\frmVendIssItemsByItemOLD.frx
		..\Emerald VB6\Forms\frmVendIssItemsByItemOLDg.frm = ..\Emerald VB6\Forms\frmVendIssItemsByItemOLDg.frm
		..\Emerald VB6\Forms\frmVendIssItemsByItemOLDg.frx = ..\Emerald VB6\Forms\frmVendIssItemsByItemOLDg.frx
		..\Emerald VB6\Forms\frmVendIssItemsByItemOriginal.frm = ..\Emerald VB6\Forms\frmVendIssItemsByItemOriginal.frm
		..\Emerald VB6\Forms\frmVendIssItemsByItemOriginal.frx = ..\Emerald VB6\Forms\frmVendIssItemsByItemOriginal.frx
		..\Emerald VB6\Forms\frmVendIssItemsByItemPack.frm = ..\Emerald VB6\Forms\frmVendIssItemsByItemPack.frm
		..\Emerald VB6\Forms\frmVendIssItemsByItemPack.frx = ..\Emerald VB6\Forms\frmVendIssItemsByItemPack.frx
		..\Emerald VB6\Forms\frmVendIssItemsByItemPack.log = ..\Emerald VB6\Forms\frmVendIssItemsByItemPack.log
		..\Emerald VB6\Forms\frmVendIssItemsByItemPending.frm = ..\Emerald VB6\Forms\frmVendIssItemsByItemPending.frm
		..\Emerald VB6\Forms\frmVendIssItemsByItemPending.frx = ..\Emerald VB6\Forms\frmVendIssItemsByItemPending.frx
		..\Emerald VB6\Forms\frmVendIssItemsByMaker.frm = ..\Emerald VB6\Forms\frmVendIssItemsByMaker.frm
		..\Emerald VB6\Forms\frmVendIssItemsByMaker.frx = ..\Emerald VB6\Forms\frmVendIssItemsByMaker.frx
		..\Emerald VB6\Forms\frmVendIssItemsByMakerOriginal.frm = ..\Emerald VB6\Forms\frmVendIssItemsByMakerOriginal.frm
		..\Emerald VB6\Forms\frmVendIssItemsByMakerOriginal.frx = ..\Emerald VB6\Forms\frmVendIssItemsByMakerOriginal.frx
		..\Emerald VB6\Forms\frmVendIssRepair.frm = ..\Emerald VB6\Forms\frmVendIssRepair.frm
		..\Emerald VB6\Forms\frmVendIssRepair.frx = ..\Emerald VB6\Forms\frmVendIssRepair.frx
		..\Emerald VB6\Forms\frmVendIssRepair.log = ..\Emerald VB6\Forms\frmVendIssRepair.log
		..\Emerald VB6\Forms\frmVendLedger.frm = ..\Emerald VB6\Forms\frmVendLedger.frm
		..\Emerald VB6\Forms\frmVendLedger.frx = ..\Emerald VB6\Forms\frmVendLedger.frx
		..\Emerald VB6\Forms\frmVendLoanLedger.frm = ..\Emerald VB6\Forms\frmVendLoanLedger.frm
		..\Emerald VB6\Forms\frmVendLoanLedger.frx = ..\Emerald VB6\Forms\frmVendLoanLedger.frx
		..\Emerald VB6\Forms\frmVendLoanLedger.log = ..\Emerald VB6\Forms\frmVendLoanLedger.log
		..\Emerald VB6\Forms\frmVendLockItems.frm = ..\Emerald VB6\Forms\frmVendLockItems.frm
		..\Emerald VB6\Forms\frmVendLockItems.frx = ..\Emerald VB6\Forms\frmVendLockItems.frx
		..\Emerald VB6\Forms\frmVendLockItems.log = ..\Emerald VB6\Forms\frmVendLockItems.log
		..\Emerald VB6\Forms\frmVendNewAdv.frm = ..\Emerald VB6\Forms\frmVendNewAdv.frm
		..\Emerald VB6\Forms\frmVendNewAdv.frx = ..\Emerald VB6\Forms\frmVendNewAdv.frx
		..\Emerald VB6\Forms\frmVendNewAdv.log = ..\Emerald VB6\Forms\frmVendNewAdv.log
		..\Emerald VB6\Forms\frmVendNewLong.frm = ..\Emerald VB6\Forms\frmVendNewLong.frm
		..\Emerald VB6\Forms\frmVendNewLong.frx = ..\Emerald VB6\Forms\frmVendNewLong.frx
		..\Emerald VB6\Forms\frmVendNewLong.log = ..\Emerald VB6\Forms\frmVendNewLong.log
		..\Emerald VB6\Forms\frmVendNewPO.frm = ..\Emerald VB6\Forms\frmVendNewPO.frm
		..\Emerald VB6\Forms\frmVendNewPO.frx = ..\Emerald VB6\Forms\frmVendNewPO.frx
		..\Emerald VB6\Forms\frmVendNewPORM.frm = ..\Emerald VB6\Forms\frmVendNewPORM.frm
		..\Emerald VB6\Forms\frmVendNewPORM.frx = ..\Emerald VB6\Forms\frmVendNewPORM.frx
		..\Emerald VB6\Forms\frmVendNewShort.frm = ..\Emerald VB6\Forms\frmVendNewShort.frm
		..\Emerald VB6\Forms\frmVendNewShort.frx = ..\Emerald VB6\Forms\frmVendNewShort.frx
		..\Emerald VB6\Forms\frmVendNewShort.log = ..\Emerald VB6\Forms\frmVendNewShort.log
		..\Emerald VB6\Forms\frmVendorAssItemHistory.frm = ..\Emerald VB6\Forms\frmVendorAssItemHistory.frm
		..\Emerald VB6\Forms\frmVendorAssItemHistory.frx = ..\Emerald VB6\Forms\frmVendorAssItemHistory.frx
		..\Emerald VB6\Forms\frmVendor_Catalog.frm = ..\Emerald VB6\Forms\frmVendor_Catalog.frm
		..\Emerald VB6\Forms\frmVendor_Catalog.frx = ..\Emerald VB6\Forms\frmVendor_Catalog.frx
		..\Emerald VB6\Forms\frmVendor_Order_AE.frm = ..\Emerald VB6\Forms\frmVendor_Order_AE.frm
		..\Emerald VB6\Forms\frmVendor_Order_AE.frx = ..\Emerald VB6\Forms\frmVendor_Order_AE.frx
		..\Emerald VB6\Forms\frmVendor_Order_List.frm = ..\Emerald VB6\Forms\frmVendor_Order_List.frm
		..\Emerald VB6\Forms\frmVendor_Order_List.frx = ..\Emerald VB6\Forms\frmVendor_Order_List.frx
		..\Emerald VB6\Forms\frmVendor_Order_Receiving.frm = ..\Emerald VB6\Forms\frmVendor_Order_Receiving.frm
		..\Emerald VB6\Forms\frmVendor_Order_Receiving.frx = ..\Emerald VB6\Forms\frmVendor_Order_Receiving.frx
		..\Emerald VB6\Forms\frmVendPaySheet.frm = ..\Emerald VB6\Forms\frmVendPaySheet.frm
		..\Emerald VB6\Forms\frmVendPaySheet.frx = ..\Emerald VB6\Forms\frmVendPaySheet.frx
		..\Emerald VB6\Forms\frmVendPaySheet.log = ..\Emerald VB6\Forms\frmVendPaySheet.log
		..\Emerald VB6\Forms\frmVendPymt.frm = ..\Emerald VB6\Forms\frmVendPymt.frm
		..\Emerald VB6\Forms\frmVendPymt.frx = ..\Emerald VB6\Forms\frmVendPymt.frx
		..\Emerald VB6\Forms\frmVendPymt.log = ..\Emerald VB6\Forms\frmVendPymt.log
		..\Emerald VB6\Forms\frmVendRcvdPOInspection.frm = ..\Emerald VB6\Forms\frmVendRcvdPOInspection.frm
		..\Emerald VB6\Forms\frmVendRcvdPO_Rejection.frm = ..\Emerald VB6\Forms\frmVendRcvdPO_Rejection.frm
		..\Emerald VB6\Forms\frmVendRcvdPO_Rejection.frx = ..\Emerald VB6\Forms\frmVendRcvdPO_Rejection.frx
		..\Emerald VB6\Forms\frmVendRcvdPO_Sample.frm = ..\Emerald VB6\Forms\frmVendRcvdPO_Sample.frm
		..\Emerald VB6\Forms\frmVendRcvdPO_Sample.frx = ..\Emerald VB6\Forms\frmVendRcvdPO_Sample.frx
		..\Emerald VB6\Forms\frmVendRcvItems.frm = ..\Emerald VB6\Forms\frmVendRcvItems.frm
		..\Emerald VB6\Forms\frmVendRcvItems.frx = ..\Emerald VB6\Forms\frmVendRcvItems.frx
		..\Emerald VB6\Forms\frmVendRcvItems1.frm = ..\Emerald VB6\Forms\frmVendRcvItems1.frm
		..\Emerald VB6\Forms\frmVendRcvItems1.frx = ..\Emerald VB6\Forms\frmVendRcvItems1.frx
		..\Emerald VB6\Forms\frmVendRcvItemsDirect.frm = ..\Emerald VB6\Forms\frmVendRcvItemsDirect.frm
		..\Emerald VB6\Forms\frmVendRcvItemsDirect.frx = ..\Emerald VB6\Forms\frmVendRcvItemsDirect.frx
		..\Emerald VB6\Forms\frmVendRcvItemsDirect1.frm = ..\Emerald VB6\Forms\frmVendRcvItemsDirect1.frm
		..\Emerald VB6\Forms\frmVendRcvItemsDirect1.frx = ..\Emerald VB6\Forms\frmVendRcvItemsDirect1.frx
		..\Emerald VB6\Forms\frmVendRcvItemsDirect1.log = ..\Emerald VB6\Forms\frmVendRcvItemsDirect1.log
		..\Emerald VB6\Forms\frmVendRcvItemsHnD.frm = ..\Emerald VB6\Forms\frmVendRcvItemsHnD.frm
		..\Emerald VB6\Forms\frmVendRcvItemsHnD.frx = ..\Emerald VB6\Forms\frmVendRcvItemsHnD.frx
		..\Emerald VB6\Forms\frmVendRcvItemsHnD.log = ..\Emerald VB6\Forms\frmVendRcvItemsHnD.log
		..\Emerald VB6\Forms\frmVendRcvItemsManual.frm = ..\Emerald VB6\Forms\frmVendRcvItemsManual.frm
		..\Emerald VB6\Forms\frmVendRcvItemsManual.frx = ..\Emerald VB6\Forms\frmVendRcvItemsManual.frx
		..\Emerald VB6\Forms\frmVendRcvItemsOld.frm = ..\Emerald VB6\Forms\frmVendRcvItemsOld.frm
		..\Emerald VB6\Forms\frmVendRcvItemsOLD.frx = ..\Emerald VB6\Forms\frmVendRcvItemsOLD.frx
		..\Emerald VB6\Forms\frmVendRcvItemsOld1.frm = ..\Emerald VB6\Forms\frmVendRcvItemsOld1.frm
		..\Emerald VB6\Forms\frmVendRcvItemsOld1.frx = ..\Emerald VB6\Forms\frmVendRcvItemsOld1.frx
		..\Emerald VB6\Forms\frmVendRcvItemsP.frm = ..\Emerald VB6\Forms\frmVendRcvItemsP.frm
		..\Emerald VB6\Forms\frmVendRcvItemsP.frx = ..\Emerald VB6\Forms\frmVendRcvItemsP.frx
		..\Emerald VB6\Forms\frmVendRcvItemsP.log = ..\Emerald VB6\Forms\frmVendRcvItemsP.log
		..\Emerald VB6\Forms\frmVendRcvItemsW.frm = ..\Emerald VB6\Forms\frmVendRcvItemsW.frm
		..\Emerald VB6\Forms\frmVendRcvItemsW.frx = ..\Emerald VB6\Forms\frmVendRcvItemsW.frx
		..\Emerald VB6\Forms\frmVendRcvItems_Lots.frm = ..\Emerald VB6\Forms\frmVendRcvItems_Lots.frm
		..\Emerald VB6\Forms\frmVendRcvItems_Lots.frx = ..\Emerald VB6\Forms\frmVendRcvItems_Lots.frx
		..\Emerald VB6\Forms\frmVendRcvItems_PO.frm = ..\Emerald VB6\Forms\frmVendRcvItems_PO.frm
		..\Emerald VB6\Forms\frmVendRcvItems_PO.frx = ..\Emerald VB6\Forms\frmVendRcvItems_PO.frx
		..\Emerald VB6\Forms\frmVendRcvList.frm = ..\Emerald VB6\Forms\frmVendRcvList.frm
		..\Emerald VB6\Forms\frmVendRcvList.frx = ..\Emerald VB6\Forms\frmVendRcvList.frx
		..\Emerald VB6\Forms\frmVendRcvLost.frm = ..\Emerald VB6\Forms\frmVendRcvLost.frm
		..\Emerald VB6\Forms\frmVendRcvLost.frx = ..\Emerald VB6\Forms\frmVendRcvLost.frx
		..\Emerald VB6\Forms\frmVendRcvLost.log = ..\Emerald VB6\Forms\frmVendRcvLost.log
		..\Emerald VB6\Forms\frmVendRcvPO.frm = ..\Emerald VB6\Forms\frmVendRcvPO.frm
		..\Emerald VB6\Forms\frmVendRcvPO.frx = ..\Emerald VB6\Forms\frmVendRcvPO.frx
		..\Emerald VB6\Forms\frmVendRcvRepair.frm = ..\Emerald VB6\Forms\frmVendRcvRepair.frm
		..\Emerald VB6\Forms\frmVendRcvRepair.frx = ..\Emerald VB6\Forms\frmVendRcvRepair.frx
		..\Emerald VB6\Forms\frmVendRcvRepair.log = ..\Emerald VB6\Forms\frmVendRcvRepair.log
		..\Emerald VB6\Forms\frmVendRcvRepairOLD.frm = ..\Emerald VB6\Forms\frmVendRcvRepairOLD.frm
		..\Emerald VB6\Forms\frmVendRcvRepairOLD.frx = ..\Emerald VB6\Forms\frmVendRcvRepairOLD.frx
		..\Emerald VB6\Forms\frmVendRcvRepairWaste.frm = ..\Emerald VB6\Forms\frmVendRcvRepairWaste.frm
		..\Emerald VB6\Forms\frmVendRcvRepairWaste.frx = ..\Emerald VB6\Forms\frmVendRcvRepairWaste.frx
		..\Emerald VB6\Forms\frmVendRcvRepairWaste.log = ..\Emerald VB6\Forms\frmVendRcvRepairWaste.log
		..\Emerald VB6\Forms\frmVendRcvWastage.frm = ..\Emerald VB6\Forms\frmVendRcvWastage.frm
		..\Emerald VB6\Forms\frmVendRcvWastage.frx = ..\Emerald VB6\Forms\frmVendRcvWastage.frx
		..\Emerald VB6\Forms\frmVendRcvWastageOLD.frm = ..\Emerald VB6\Forms\frmVendRcvWastageOLD.frm
		..\Emerald VB6\Forms\frmVendRcvWastageOLD.frx = ..\Emerald VB6\Forms\frmVendRcvWastageOLD.frx
		..\Emerald VB6\Forms\frmVendRcvWastageOLD.log = ..\Emerald VB6\Forms\frmVendRcvWastageOLD.log
		..\Emerald VB6\Forms\frmVendRepairDetail.frm = ..\Emerald VB6\Forms\frmVendRepairDetail.frm
		..\Emerald VB6\Forms\frmVendRMAssItems.frm = ..\Emerald VB6\Forms\frmVendRMAssItems.frm
		..\Emerald VB6\Forms\frmVendRMAssItems.frx = ..\Emerald VB6\Forms\frmVendRMAssItems.frx
		..\Emerald VB6\Forms\frmVendShortAdvLedger.frm = ..\Emerald VB6\Forms\frmVendShortAdvLedger.frm
		..\Emerald VB6\Forms\frmVendShortAdvLedger.frx = ..\Emerald VB6\Forms\frmVendShortAdvLedger.frx
		..\Emerald VB6\Forms\frmVendShortAdvLedger.log = ..\Emerald VB6\Forms\frmVendShortAdvLedger.log
		..\Emerald VB6\Forms\frmVendSS.frm = ..\Emerald VB6\Forms\frmVendSS.frm
		..\Emerald VB6\Forms\frmVendSS.frx = ..\Emerald VB6\Forms\frmVendSS.frx
		..\Emerald VB6\Forms\frmVendSS.log = ..\Emerald VB6\Forms\frmVendSS.log
		..\Emerald VB6\Forms\frmVendSSChanged.frm = ..\Emerald VB6\Forms\frmVendSSChanged.frm
		..\Emerald VB6\Forms\frmVendSSChanged.frx = ..\Emerald VB6\Forms\frmVendSSChanged.frx
		..\Emerald VB6\Forms\frmViewOrderItemPDFs.frm = ..\Emerald VB6\Forms\frmViewOrderItemPDFs.frm
		..\Emerald VB6\Forms\frmViewPictureFSExt.frm = ..\Emerald VB6\Forms\frmViewPictureFSExt.frm
		..\Emerald VB6\Forms\frmViewPictureFSExt.frx = ..\Emerald VB6\Forms\frmViewPictureFSExt.frx
		..\Emerald VB6\Forms\frmWaitAnimation.frm = ..\Emerald VB6\Forms\frmWaitAnimation.frm
		..\Emerald VB6\Forms\frmWastageTypes.frm = ..\Emerald VB6\Forms\frmWastageTypes.frm
		..\Emerald VB6\Forms\frmWizDHR.frm = ..\Emerald VB6\Forms\frmWizDHR.frm
		..\Emerald VB6\Forms\frmWizDHR.frx = ..\Emerald VB6\Forms\frmWizDHR.frx
		..\Emerald VB6\Forms\frmWizDHROld.frm = ..\Emerald VB6\Forms\frmWizDHROld.frm
		..\Emerald VB6\Forms\frmWizDHROld.frx = ..\Emerald VB6\Forms\frmWizDHROld.frx
		..\Emerald VB6\Modules\Functions.bas = ..\Emerald VB6\Modules\Functions.bas
		..\Emerald VB6\Modules\Hooking.bas = ..\Emerald VB6\Modules\Hooking.bas
		..\Emerald VB6\Forms\MainForm.frm = ..\Emerald VB6\Forms\MainForm.frm
		..\Emerald VB6\Forms\MainForm.frx = ..\Emerald VB6\Forms\MainForm.frx
		..\Emerald VB6\Forms\MainForm.log = ..\Emerald VB6\Forms\MainForm.log
		..\Emerald VB6\Forms\MainForm1.frm = ..\Emerald VB6\Forms\MainForm1.frm
		..\Emerald VB6\Forms\MainForm1.frx = ..\Emerald VB6\Forms\MainForm1.frx
		..\Emerald VB6\Forms\MainForm123.frm = ..\Emerald VB6\Forms\MainForm123.frm
		..\Emerald VB6\Forms\MainFormOLD.frm = ..\Emerald VB6\Forms\MainFormOLD.frm
		..\Emerald VB6\Forms\MainFormOLD.frx = ..\Emerald VB6\Forms\MainFormOLD.frx
		..\Emerald VB6\Forms\MainFormWOMenus.frm = ..\Emerald VB6\Forms\MainFormWOMenus.frm
		..\Emerald VB6\Forms\MainFormWOMenus.frx = ..\Emerald VB6\Forms\MainFormWOMenus.frx
		..\Emerald VB6\Modules\mainModule.bas = ..\Emerald VB6\Modules\mainModule.bas
		..\Emerald VB6\Modules\mod_BusPart.bas = ..\Emerald VB6\Modules\mod_BusPart.bas
		..\Emerald VB6\Modules\mod_DSN.bas = ..\Emerald VB6\Modules\mod_DSN.bas
		..\Emerald VB6\Modules\mod_Encryption.bas = ..\Emerald VB6\Modules\mod_Encryption.bas
		..\Emerald VB6\Modules\Mod_ExpBar.bas = ..\Emerald VB6\Modules\Mod_ExpBar.bas
		..\Emerald VB6\Modules\Mod_ExpBar_Vision.bas = ..\Emerald VB6\Modules\Mod_ExpBar_Vision.bas
		..\Emerald VB6\Modules\mod_FGrid.bas = ..\Emerald VB6\Modules\mod_FGrid.bas
		..\Emerald VB6\Modules\mod_General.bas = ..\Emerald VB6\Modules\mod_General.bas
		..\Emerald VB6\Modules\mod_Languages.bas = ..\Emerald VB6\Modules\mod_Languages.bas
		..\Emerald VB6\Modules\mod_Printer.bas = ..\Emerald VB6\Modules\mod_Printer.bas
		..\Emerald VB6\Modules\mod_Rpts.bas = ..\Emerald VB6\Modules\mod_Rpts.bas
		..\Emerald VB6\Class Modules\OrderItemsProcs.cls = ..\Emerald VB6\Class Modules\OrderItemsProcs.cls
		..\Emerald VB6\Modules\PayrollFunctions.bas = ..\Emerald VB6\Modules\PayrollFunctions.bas
		..\Emerald VB6\Modules\PayrollVouchers.bas = ..\Emerald VB6\Modules\PayrollVouchers.bas
		..\Emerald VB6\Forms\pldMainForm.frm = ..\Emerald VB6\Forms\pldMainForm.frm
		..\Emerald VB6\Modules\PopUpMenu.bas = ..\Emerald VB6\Modules\PopUpMenu.bas
		..\Emerald VB6\Modules\Production.bas = ..\Emerald VB6\Modules\Production.bas
		..\Emerald VB6\Class Modules\PrRate.cls = ..\Emerald VB6\Class Modules\PrRate.cls
		..\Emerald VB6\Class Modules\RcvAdjOrderQty.cls = ..\Emerald VB6\Class Modules\RcvAdjOrderQty.cls
		..\Emerald VB6\Class Modules\RcvQtyToAdjust.cls = ..\Emerald VB6\Class Modules\RcvQtyToAdjust.cls
		..\Emerald VB6\Modules\Salaries.bas = ..\Emerald VB6\Modules\Salaries.bas
		..\Emerald VB6\Modules\Stock.bas = ..\Emerald VB6\Modules\Stock.bas
		..\Emerald VB6\Class Modules\UpdateSteelReq.cls = ..\Emerald VB6\Class Modules\UpdateSteelReq.cls
		..\Emerald VB6\Modules\UserManagement.bas = ..\Emerald VB6\Modules\UserManagement.bas
		..\Emerald VB6\Modules\Utility_functions.bas = ..\Emerald VB6\Modules\Utility_functions.bas
		..\Emerald VB6\Class Modules\VendPayDetails.cls = ..\Emerald VB6\Class Modules\VendPayDetails.cls
		..\Emerald VB6\Modules\Vouchers.bas = ..\Emerald VB6\Modules\Vouchers.bas
	EndProjectSection
EndProject
Global
	GlobalSection(SolutionConfigurationPlatforms) = preSolution
		Debug|Any CPU = Debug|Any CPU
		Release|Any CPU = Release|Any CPU
	EndGlobalSection
	GlobalSection(ProjectConfigurationPlatforms) = postSolution
		{ACE54256-7941-476F-832D-98F14EA73AEE}.Debug|Any CPU.ActiveCfg = Debug|Any CPU
		{ACE54256-7941-476F-832D-98F14EA73AEE}.Debug|Any CPU.Build.0 = Debug|Any CPU
		{ACE54256-7941-476F-832D-98F14EA73AEE}.Release|Any CPU.ActiveCfg = Release|Any CPU
		{ACE54256-7941-476F-832D-98F14EA73AEE}.Release|Any CPU.Build.0 = Release|Any CPU
		{5E3858D1-0E74-86FB-C561-E697BACD28DD}.Debug|Any CPU.ActiveCfg = Debug|Any CPU
		{5E3858D1-0E74-86FB-C561-E697BACD28DD}.Debug|Any CPU.Build.0 = Debug|Any CPU
		{5E3858D1-0E74-86FB-C561-E697BACD28DD}.Release|Any CPU.ActiveCfg = Release|Any CPU
		{5E3858D1-0E74-86FB-C561-E697BACD28DD}.Release|Any CPU.Build.0 = Release|Any CPU
	EndGlobalSection
	GlobalSection(SolutionProperties) = preSolution
		HideSolutionNode = FALSE
	EndGlobalSection
	GlobalSection(ExtensibilityGlobals) = postSolution
		SolutionGuid = {D01313B0-FBC1-40DB-B9A2-CDE6FF6010A9}
	EndGlobalSection
EndGlobal
