
Microsoft Visual Studio Solution File, Format Version 12.00
# Visual Studio Version 18
VisualStudioVersion = 18.0.11217.181
MinimumVisualStudioVersion = 10.0.40219.1
Project("{9A19103F-16F7-4668-BE54-9A1E7A4F7556}") = "CIP", "CIP\CIP.csproj", "{A44B5ED0-4FEE-4F5C-81C7-767A1643C36A}"
EndProject
Project("{9A19103F-16F7-4668-BE54-9A1E7A4F7556}") = "DataAccessLibrary", "DataAccessLibrary\DataAccessLibrary.csproj", "{ACE54256-7941-476F-832D-98F14EA73AEE}"
EndProject
Global
	GlobalSection(SolutionConfigurationPlatforms) = preSolution
		Debug|Any CPU = Debug|Any CPU
		Release|Any CPU = Release|Any CPU
	EndGlobalSection
	GlobalSection(ProjectConfigurationPlatforms) = postSolution
		{A44B5ED0-4FEE-4F5C-81C7-767A1643C36A}.Debug|Any CPU.ActiveCfg = Debug|Any CPU
		{A44B5ED0-4FEE-4F5C-81C7-767A1643C36A}.Debug|Any CPU.Build.0 = Debug|Any CPU
		{A44B5ED0-4FEE-4F5C-81C7-767A1643C36A}.Release|Any CPU.ActiveCfg = Release|Any CPU
		{A44B5ED0-4FEE-4F5C-81C7-767A1643C36A}.Release|Any CPU.Build.0 = Release|Any CPU
		{ACE54256-7941-476F-832D-98F14EA73AEE}.Debug|Any CPU.ActiveCfg = Debug|Any CPU
		{ACE54256-7941-476F-832D-98F14EA73AEE}.Debug|Any CPU.Build.0 = Debug|Any CPU
		{ACE54256-7941-476F-832D-98F14EA73AEE}.Release|Any CPU.ActiveCfg = Release|Any CPU
		{ACE54256-7941-476F-832D-98F14EA73AEE}.Release|Any CPU.Build.0 = Release|Any CPU
	EndGlobalSection
	GlobalSection(SolutionProperties) = preSolution
		HideSolutionNode = FALSE
	EndGlobalSection
	GlobalSection(ExtensibilityGlobals) = postSolution
		SolutionGuid = {D01313B0-FBC1-40DB-B9A2-CDE6FF6010A9}
	EndGlobalSection
EndGlobal
